
Microsoft Visual Studio Solution File, Format Version 12.00
# Visual Studio Version 16
VisualStudioVersion = 16.0.31727.386
MinimumVisualStudioVersion = 10.0.40219.1
Project("{FAE04EC0-301F-11D3-BF4B-00C04F79EFBC}") = "Test.Prism81", "Forms-Ex8-Ver8.1-Template\Test.Prism81\Test.Prism81\Test.Prism81.csproj", "{78D00D5E-EE37-4A47-A992-C048A13DE038}"
EndProject
Project("{FAE04EC0-301F-11D3-BF4B-00C04F79EFBC}") = "Test.Prism81.Android", "Forms-Ex8-Ver8.1-Template\Test.Prism81\Test.Prism81.Android\Test.Prism81.Android.csproj", "{222618F7-B5EA-42DD-95ED-A7628886BFFC}"
EndProject
Project("{FAE04EC0-301F-11D3-BF4B-00C04F79EFBC}") = "Test.Prism81.iOS", "Forms-Ex8-Ver8.1-Template\Test.Prism81\Test.Prism81.iOS\Test.Prism81.iOS.csproj", "{6E78BA7F-850B-4CB9-A224-540A4F9A270D}"
EndProject
Project("{FAE04EC0-301F-11D3-BF4B-00C04F79EFBC}") = "Test.Prism81.UWP", "Forms-Ex8-Ver8.1-Template\Test.Prism81\Test.Prism81.UWP\Test.Prism81.UWP.csproj", "{2F9BDFF2-FD90-4E63-B1C5-BC04AE1218DD}"
EndProject
Global
	GlobalSection(SolutionConfigurationPlatforms) = preSolution
		Ad-Hoc|Any CPU = Ad-Hoc|Any CPU
		Ad-Hoc|ARM = Ad-Hoc|ARM
		Ad-Hoc|iPhone = Ad-Hoc|iPhone
		Ad-Hoc|iPhoneSimulator = Ad-Hoc|iPhoneSimulator
		Ad-Hoc|x64 = Ad-Hoc|x64
		Ad-Hoc|x86 = Ad-Hoc|x86
		AppStore|Any CPU = AppStore|Any CPU
		AppStore|ARM = AppStore|ARM
		AppStore|iPhone = AppStore|iPhone
		AppStore|iPhoneSimulator = AppStore|iPhoneSimulator
		AppStore|x64 = AppStore|x64
		AppStore|x86 = AppStore|x86
		Debug|Any CPU = Debug|Any CPU
		Debug|ARM = Debug|ARM
		Debug|iPhone = Debug|iPhone
		Debug|iPhoneSimulator = Debug|iPhoneSimulator
		Debug|x64 = Debug|x64
		Debug|x86 = Debug|x86
		Release|Any CPU = Release|Any CPU
		Release|ARM = Release|ARM
		Release|iPhone = Release|iPhone
		Release|iPhoneSimulator = Release|iPhoneSimulator
		Release|x64 = Release|x64
		Release|x86 = Release|x86
	EndGlobalSection
	GlobalSection(ProjectConfigurationPlatforms) = postSolution
		{78D00D5E-EE37-4A47-A992-C048A13DE038}.Ad-Hoc|Any CPU.ActiveCfg = Debug|Any CPU
		{78D00D5E-EE37-4A47-A992-C048A13DE038}.Ad-Hoc|Any CPU.Build.0 = Debug|Any CPU
		{78D00D5E-EE37-4A47-A992-C048A13DE038}.Ad-Hoc|ARM.ActiveCfg = Debug|Any CPU
		{78D00D5E-EE37-4A47-A992-C048A13DE038}.Ad-Hoc|ARM.Build.0 = Debug|Any CPU
		{78D00D5E-EE37-4A47-A992-C048A13DE038}.Ad-Hoc|iPhone.ActiveCfg = Debug|Any CPU
		{78D00D5E-EE37-4A47-A992-C048A13DE038}.Ad-Hoc|iPhone.Build.0 = Debug|Any CPU
		{78D00D5E-EE37-4A47-A992-C048A13DE038}.Ad-Hoc|iPhoneSimulator.ActiveCfg = Debug|Any CPU
		{78D00D5E-EE37-4A47-A992-C048A13DE038}.Ad-Hoc|iPhoneSimulator.Build.0 = Debug|Any CPU
		{78D00D5E-EE37-4A47-A992-C048A13DE038}.Ad-Hoc|x64.ActiveCfg = Debug|Any CPU
		{78D00D5E-EE37-4A47-A992-C048A13DE038}.Ad-Hoc|x64.Build.0 = Debug|Any CPU
		{78D00D5E-EE37-4A47-A992-C048A13DE038}.Ad-Hoc|x86.ActiveCfg = Debug|Any CPU
		{78D00D5E-EE37-4A47-A992-C048A13DE038}.Ad-Hoc|x86.Build.0 = Debug|Any CPU
		{78D00D5E-EE37-4A47-A992-C048A13DE038}.AppStore|Any CPU.ActiveCfg = Debug|Any CPU
		{78D00D5E-EE37-4A47-A992-C048A13DE038}.AppStore|Any CPU.Build.0 = Debug|Any CPU
		{78D00D5E-EE37-4A47-A992-C048A13DE038}.AppStore|ARM.ActiveCfg = Debug|Any CPU
		{78D00D5E-EE37-4A47-A992-C048A13DE038}.AppStore|ARM.Build.0 = Debug|Any CPU
		{78D00D5E-EE37-4A47-A992-C048A13DE038}.AppStore|iPhone.ActiveCfg = Debug|Any CPU
		{78D00D5E-EE37-4A47-A992-C048A13DE038}.AppStore|iPhone.Build.0 = Debug|Any CPU
		{78D00D5E-EE37-4A47-A992-C048A13DE038}.AppStore|iPhoneSimulator.ActiveCfg = Debug|Any CPU
		{78D00D5E-EE37-4A47-A992-C048A13DE038}.AppStore|iPhoneSimulator.Build.0 = Debug|Any CPU
		{78D00D5E-EE37-4A47-A992-C048A13DE038}.AppStore|x64.ActiveCfg = Debug|Any CPU
		{78D00D5E-EE37-4A47-A992-C048A13DE038}.AppStore|x64.Build.0 = Debug|Any CPU
		{78D00D5E-EE37-4A47-A992-C048A13DE038}.AppStore|x86.ActiveCfg = Debug|Any CPU
		{78D00D5E-EE37-4A47-A992-C048A13DE038}.AppStore|x86.Build.0 = Debug|Any CPU
		{78D00D5E-EE37-4A47-A992-C048A13DE038}.Debug|Any CPU.ActiveCfg = Debug|Any CPU
		{78D00D5E-EE37-4A47-A992-C048A13DE038}.Debug|Any CPU.Build.0 = Debug|Any CPU
		{78D00D5E-EE37-4A47-A992-C048A13DE038}.Debug|ARM.ActiveCfg = Debug|Any CPU
		{78D00D5E-EE37-4A47-A992-C048A13DE038}.Debug|ARM.Build.0 = Debug|Any CPU
		{78D00D5E-EE37-4A47-A992-C048A13DE038}.Debug|iPhone.ActiveCfg = Debug|Any CPU
		{78D00D5E-EE37-4A47-A992-C048A13DE038}.Debug|iPhone.Build.0 = Debug|Any CPU
		{78D00D5E-EE37-4A47-A992-C048A13DE038}.Debug|iPhoneSimulator.ActiveCfg = Debug|Any CPU
		{78D00D5E-EE37-4A47-A992-C048A13DE038}.Debug|iPhoneSimulator.Build.0 = Debug|Any CPU
		{78D00D5E-EE37-4A47-A992-C048A13DE038}.Debug|x64.ActiveCfg = Debug|Any CPU
		{78D00D5E-EE37-4A47-A992-C048A13DE038}.Debug|x64.Build.0 = Debug|Any CPU
		{78D00D5E-EE37-4A47-A992-C048A13DE038}.Debug|x86.ActiveCfg = Debug|Any CPU
		{78D00D5E-EE37-4A47-A992-C048A13DE038}.Debug|x86.Build.0 = Debug|Any CPU
		{78D00D5E-EE37-4A47-A992-C048A13DE038}.Release|Any CPU.ActiveCfg = Release|Any CPU
		{78D00D5E-EE37-4A47-A992-C048A13DE038}.Release|Any CPU.Build.0 = Release|Any CPU
		{78D00D5E-EE37-4A47-A992-C048A13DE038}.Release|ARM.ActiveCfg = Release|Any CPU
		{78D00D5E-EE37-4A47-A992-C048A13DE038}.Release|ARM.Build.0 = Release|Any CPU
		{78D00D5E-EE37-4A47-A992-C048A13DE038}.Release|iPhone.ActiveCfg = Release|Any CPU
		{78D00D5E-EE37-4A47-A992-C048A13DE038}.Release|iPhone.Build.0 = Release|Any CPU
		{78D00D5E-EE37-4A47-A992-C048A13DE038}.Release|iPhoneSimulator.ActiveCfg = Release|Any CPU
		{78D00D5E-EE37-4A47-A992-C048A13DE038}.Release|iPhoneSimulator.Build.0 = Release|Any CPU
		{78D00D5E-EE37-4A47-A992-C048A13DE038}.Release|x64.ActiveCfg = Release|Any CPU
		{78D00D5E-EE37-4A47-A992-C048A13DE038}.Release|x64.Build.0 = Release|Any CPU
		{78D00D5E-EE37-4A47-A992-C048A13DE038}.Release|x86.ActiveCfg = Release|Any CPU
		{78D00D5E-EE37-4A47-A992-C048A13DE038}.Release|x86.Build.0 = Release|Any CPU
		{222618F7-B5EA-42DD-95ED-A7628886BFFC}.Ad-Hoc|Any CPU.ActiveCfg = Debug|Any CPU
		{222618F7-B5EA-42DD-95ED-A7628886BFFC}.Ad-Hoc|Any CPU.Build.0 = Debug|Any CPU
		{222618F7-B5EA-42DD-95ED-A7628886BFFC}.Ad-Hoc|Any CPU.Deploy.0 = Debug|Any CPU
		{222618F7-B5EA-42DD-95ED-A7628886BFFC}.Ad-Hoc|ARM.ActiveCfg = Debug|Any CPU
		{222618F7-B5EA-42DD-95ED-A7628886BFFC}.Ad-Hoc|ARM.Build.0 = Debug|Any CPU
		{222618F7-B5EA-42DD-95ED-A7628886BFFC}.Ad-Hoc|ARM.Deploy.0 = Debug|Any CPU
		{222618F7-B5EA-42DD-95ED-A7628886BFFC}.Ad-Hoc|iPhone.ActiveCfg = Debug|Any CPU
		{222618F7-B5EA-42DD-95ED-A7628886BFFC}.Ad-Hoc|iPhone.Build.0 = Debug|Any CPU
		{222618F7-B5EA-42DD-95ED-A7628886BFFC}.Ad-Hoc|iPhone.Deploy.0 = Debug|Any CPU
		{222618F7-B5EA-42DD-95ED-A7628886BFFC}.Ad-Hoc|iPhoneSimulator.ActiveCfg = Debug|Any CPU
		{222618F7-B5EA-42DD-95ED-A7628886BFFC}.Ad-Hoc|iPhoneSimulator.Build.0 = Debug|Any CPU
		{222618F7-B5EA-42DD-95ED-A7628886BFFC}.Ad-Hoc|iPhoneSimulator.Deploy.0 = Debug|Any CPU
		{222618F7-B5EA-42DD-95ED-A7628886BFFC}.Ad-Hoc|x64.ActiveCfg = Debug|Any CPU
		{222618F7-B5EA-42DD-95ED-A7628886BFFC}.Ad-Hoc|x64.Build.0 = Debug|Any CPU
		{222618F7-B5EA-42DD-95ED-A7628886BFFC}.Ad-Hoc|x64.Deploy.0 = Debug|Any CPU
		{222618F7-B5EA-42DD-95ED-A7628886BFFC}.Ad-Hoc|x86.ActiveCfg = Debug|Any CPU
		{222618F7-B5EA-42DD-95ED-A7628886BFFC}.Ad-Hoc|x86.Build.0 = Debug|Any CPU
		{222618F7-B5EA-42DD-95ED-A7628886BFFC}.Ad-Hoc|x86.Deploy.0 = Debug|Any CPU
		{222618F7-B5EA-42DD-95ED-A7628886BFFC}.AppStore|Any CPU.ActiveCfg = Debug|Any CPU
		{222618F7-B5EA-42DD-95ED-A7628886BFFC}.AppStore|Any CPU.Build.0 = Debug|Any CPU
		{222618F7-B5EA-42DD-95ED-A7628886BFFC}.AppStore|Any CPU.Deploy.0 = Debug|Any CPU
		{222618F7-B5EA-42DD-95ED-A7628886BFFC}.AppStore|ARM.ActiveCfg = Debug|Any CPU
		{222618F7-B5EA-42DD-95ED-A7628886BFFC}.AppStore|ARM.Build.0 = Debug|Any CPU
		{222618F7-B5EA-42DD-95ED-A7628886BFFC}.AppStore|ARM.Deploy.0 = Debug|Any CPU
		{222618F7-B5EA-42DD-95ED-A7628886BFFC}.AppStore|iPhone.ActiveCfg = Debug|Any CPU
		{222618F7-B5EA-42DD-95ED-A7628886BFFC}.AppStore|iPhone.Build.0 = Debug|Any CPU
		{222618F7-B5EA-42DD-95ED-A7628886BFFC}.AppStore|iPhone.Deploy.0 = Debug|Any CPU
		{222618F7-B5EA-42DD-95ED-A7628886BFFC}.AppStore|iPhoneSimulator.ActiveCfg = Debug|Any CPU
		{222618F7-B5EA-42DD-95ED-A7628886BFFC}.AppStore|iPhoneSimulator.Build.0 = Debug|Any CPU
		{222618F7-B5EA-42DD-95ED-A7628886BFFC}.AppStore|iPhoneSimulator.Deploy.0 = Debug|Any CPU
		{222618F7-B5EA-42DD-95ED-A7628886BFFC}.AppStore|x64.ActiveCfg = Debug|Any CPU
		{222618F7-B5EA-42DD-95ED-A7628886BFFC}.AppStore|x64.Build.0 = Debug|Any CPU
		{222618F7-B5EA-42DD-95ED-A7628886BFFC}.AppStore|x64.Deploy.0 = Debug|Any CPU
		{222618F7-B5EA-42DD-95ED-A7628886BFFC}.AppStore|x86.ActiveCfg = Debug|Any CPU
		{222618F7-B5EA-42DD-95ED-A7628886BFFC}.AppStore|x86.Build.0 = Debug|Any CPU
		{222618F7-B5EA-42DD-95ED-A7628886BFFC}.AppStore|x86.Deploy.0 = Debug|Any CPU
		{222618F7-B5EA-42DD-95ED-A7628886BFFC}.Debug|Any CPU.ActiveCfg = Debug|Any CPU
		{222618F7-B5EA-42DD-95ED-A7628886BFFC}.Debug|Any CPU.Build.0 = Debug|Any CPU
		{222618F7-B5EA-42DD-95ED-A7628886BFFC}.Debug|Any CPU.Deploy.0 = Debug|Any CPU
		{222618F7-B5EA-42DD-95ED-A7628886BFFC}.Debug|ARM.ActiveCfg = Debug|Any CPU
		{222618F7-B5EA-42DD-95ED-A7628886BFFC}.Debug|ARM.Build.0 = Debug|Any CPU
		{222618F7-B5EA-42DD-95ED-A7628886BFFC}.Debug|ARM.Deploy.0 = Debug|Any CPU
		{222618F7-B5EA-42DD-95ED-A7628886BFFC}.Debug|iPhone.ActiveCfg = Debug|Any CPU
		{222618F7-B5EA-42DD-95ED-A7628886BFFC}.Debug|iPhone.Build.0 = Debug|Any CPU
		{222618F7-B5EA-42DD-95ED-A7628886BFFC}.Debug|iPhone.Deploy.0 = Debug|Any CPU
		{222618F7-B5EA-42DD-95ED-A7628886BFFC}.Debug|iPhoneSimulator.ActiveCfg = Debug|Any CPU
		{222618F7-B5EA-42DD-95ED-A7628886BFFC}.Debug|iPhoneSimulator.Build.0 = Debug|Any CPU
		{222618F7-B5EA-42DD-95ED-A7628886BFFC}.Debug|iPhoneSimulator.Deploy.0 = Debug|Any CPU
		{222618F7-B5EA-42DD-95ED-A7628886BFFC}.Debug|x64.ActiveCfg = Debug|Any CPU
		{222618F7-B5EA-42DD-95ED-A7628886BFFC}.Debug|x64.Build.0 = Debug|Any CPU
		{222618F7-B5EA-42DD-95ED-A7628886BFFC}.Debug|x64.Deploy.0 = Debug|Any CPU
		{222618F7-B5EA-42DD-95ED-A7628886BFFC}.Debug|x86.ActiveCfg = Debug|Any CPU
		{222618F7-B5EA-42DD-95ED-A7628886BFFC}.Debug|x86.Build.0 = Debug|Any CPU
		{222618F7-B5EA-42DD-95ED-A7628886BFFC}.Debug|x86.Deploy.0 = Debug|Any CPU
		{222618F7-B5EA-42DD-95ED-A7628886BFFC}.Release|Any CPU.ActiveCfg = Release|Any CPU
		{222618F7-B5EA-42DD-95ED-A7628886BFFC}.Release|Any CPU.Build.0 = Release|Any CPU
		{222618F7-B5EA-42DD-95ED-A7628886BFFC}.Release|Any CPU.Deploy.0 = Release|Any CPU
		{222618F7-B5EA-42DD-95ED-A7628886BFFC}.Release|ARM.ActiveCfg = Release|Any CPU
		{222618F7-B5EA-42DD-95ED-A7628886BFFC}.Release|ARM.Build.0 = Release|Any CPU
		{222618F7-B5EA-42DD-95ED-A7628886BFFC}.Release|ARM.Deploy.0 = Release|Any CPU
		{222618F7-B5EA-42DD-95ED-A7628886BFFC}.Release|iPhone.ActiveCfg = Release|Any CPU
		{222618F7-B5EA-42DD-95ED-A7628886BFFC}.Release|iPhone.Build.0 = Release|Any CPU
		{222618F7-B5EA-42DD-95ED-A7628886BFFC}.Release|iPhone.Deploy.0 = Release|Any CPU
		{222618F7-B5EA-42DD-95ED-A7628886BFFC}.Release|iPhoneSimulator.ActiveCfg = Release|Any CPU
		{222618F7-B5EA-42DD-95ED-A7628886BFFC}.Release|iPhoneSimulator.Build.0 = Release|Any CPU
		{222618F7-B5EA-42DD-95ED-A7628886BFFC}.Release|iPhoneSimulator.Deploy.0 = Release|Any CPU
		{222618F7-B5EA-42DD-95ED-A7628886BFFC}.Release|x64.ActiveCfg = Release|Any CPU
		{222618F7-B5EA-42DD-95ED-A7628886BFFC}.Release|x64.Build.0 = Release|Any CPU
		{222618F7-B5EA-42DD-95ED-A7628886BFFC}.Release|x64.Deploy.0 = Release|Any CPU
		{222618F7-B5EA-42DD-95ED-A7628886BFFC}.Release|x86.ActiveCfg = Release|Any CPU
		{222618F7-B5EA-42DD-95ED-A7628886BFFC}.Release|x86.Build.0 = Release|Any CPU
		{222618F7-B5EA-42DD-95ED-A7628886BFFC}.Release|x86.Deploy.0 = Release|Any CPU
		{6E78BA7F-850B-4CB9-A224-540A4F9A270D}.Ad-Hoc|Any CPU.ActiveCfg = Ad-Hoc|iPhoneSimulator
		{6E78BA7F-850B-4CB9-A224-540A4F9A270D}.Ad-Hoc|ARM.ActiveCfg = Ad-Hoc|iPhoneSimulator
		{6E78BA7F-850B-4CB9-A224-540A4F9A270D}.Ad-Hoc|iPhone.ActiveCfg = Ad-Hoc|iPhone
		{6E78BA7F-850B-4CB9-A224-540A4F9A270D}.Ad-Hoc|iPhone.Build.0 = Ad-Hoc|iPhone
		{6E78BA7F-850B-4CB9-A224-540A4F9A270D}.Ad-Hoc|iPhoneSimulator.ActiveCfg = Ad-Hoc|iPhoneSimulator
		{6E78BA7F-850B-4CB9-A224-540A4F9A270D}.Ad-Hoc|iPhoneSimulator.Build.0 = Ad-Hoc|iPhoneSimulator
		{6E78BA7F-850B-4CB9-A224-540A4F9A270D}.Ad-Hoc|x64.ActiveCfg = Ad-Hoc|iPhoneSimulator
		{6E78BA7F-850B-4CB9-A224-540A4F9A270D}.Ad-Hoc|x86.ActiveCfg = Ad-Hoc|iPhoneSimulator
		{6E78BA7F-850B-4CB9-A224-540A4F9A270D}.AppStore|Any CPU.ActiveCfg = AppStore|iPhoneSimulator
		{6E78BA7F-850B-4CB9-A224-540A4F9A270D}.AppStore|ARM.ActiveCfg = AppStore|iPhoneSimulator
		{6E78BA7F-850B-4CB9-A224-540A4F9A270D}.AppStore|iPhone.ActiveCfg = AppStore|iPhone
		{6E78BA7F-850B-4CB9-A224-540A4F9A270D}.AppStore|iPhone.Build.0 = AppStore|iPhone
		{6E78BA7F-850B-4CB9-A224-540A4F9A270D}.AppStore|iPhoneSimulator.ActiveCfg = AppStore|iPhoneSimulator
		{6E78BA7F-850B-4CB9-A224-540A4F9A270D}.AppStore|iPhoneSimulator.Build.0 = AppStore|iPhoneSimulator
		{6E78BA7F-850B-4CB9-A224-540A4F9A270D}.AppStore|x64.ActiveCfg = AppStore|iPhoneSimulator
		{6E78BA7F-850B-4CB9-A224-540A4F9A270D}.AppStore|x86.ActiveCfg = AppStore|iPhoneSimulator
		{6E78BA7F-850B-4CB9-A224-540A4F9A270D}.Debug|Any CPU.ActiveCfg = Debug|iPhoneSimulator
		{6E78BA7F-850B-4CB9-A224-540A4F9A270D}.Debug|ARM.ActiveCfg = Debug|iPhoneSimulator
		{6E78BA7F-850B-4CB9-A224-540A4F9A270D}.Debug|iPhone.ActiveCfg = Debug|iPhone
		{6E78BA7F-850B-4CB9-A224-540A4F9A270D}.Debug|iPhone.Build.0 = Debug|iPhone
		{6E78BA7F-850B-4CB9-A224-540A4F9A270D}.Debug|iPhoneSimulator.ActiveCfg = Debug|iPhoneSimulator
		{6E78BA7F-850B-4CB9-A224-540A4F9A270D}.Debug|iPhoneSimulator.Build.0 = Debug|iPhoneSimulator
		{6E78BA7F-850B-4CB9-A224-540A4F9A270D}.Debug|x64.ActiveCfg = Debug|iPhoneSimulator
		{6E78BA7F-850B-4CB9-A224-540A4F9A270D}.Debug|x86.ActiveCfg = Debug|iPhoneSimulator
		{6E78BA7F-850B-4CB9-A224-540A4F9A270D}.Release|Any CPU.ActiveCfg = Release|iPhoneSimulator
		{6E78BA7F-850B-4CB9-A224-540A4F9A270D}.Release|ARM.ActiveCfg = Release|iPhoneSimulator
		{6E78BA7F-850B-4CB9-A224-540A4F9A270D}.Release|iPhone.ActiveCfg = Release|iPhone
		{6E78BA7F-850B-4CB9-A224-540A4F9A270D}.Release|iPhone.Build.0 = Release|iPhone
		{6E78BA7F-850B-4CB9-A224-540A4F9A270D}.Release|iPhoneSimulator.ActiveCfg = Release|iPhoneSimulator
		{6E78BA7F-850B-4CB9-A224-540A4F9A270D}.Release|iPhoneSimulator.Build.0 = Release|iPhoneSimulator
		{6E78BA7F-850B-4CB9-A224-540A4F9A270D}.Release|x64.ActiveCfg = Release|iPhoneSimulator
		{6E78BA7F-850B-4CB9-A224-540A4F9A270D}.Release|x86.ActiveCfg = Release|iPhoneSimulator
		{2F9BDFF2-FD90-4E63-B1C5-BC04AE1218DD}.Ad-Hoc|Any CPU.ActiveCfg = Debug|ARM
		{2F9BDFF2-FD90-4E63-B1C5-BC04AE1218DD}.Ad-Hoc|Any CPU.Build.0 = Debug|ARM
		{2F9BDFF2-FD90-4E63-B1C5-BC04AE1218DD}.Ad-Hoc|Any CPU.Deploy.0 = Debug|ARM
		{2F9BDFF2-FD90-4E63-B1C5-BC04AE1218DD}.Ad-Hoc|ARM.ActiveCfg = Debug|ARM
		{2F9BDFF2-FD90-4E63-B1C5-BC04AE1218DD}.Ad-Hoc|ARM.Build.0 = Debug|ARM
		{2F9BDFF2-FD90-4E63-B1C5-BC04AE1218DD}.Ad-Hoc|ARM.Deploy.0 = Debug|ARM
		{2F9BDFF2-FD90-4E63-B1C5-BC04AE1218DD}.Ad-Hoc|iPhone.ActiveCfg = Debug|ARM
		{2F9BDFF2-FD90-4E63-B1C5-BC04AE1218DD}.Ad-Hoc|iPhone.Build.0 = Debug|ARM
		{2F9BDFF2-FD90-4E63-B1C5-BC04AE1218DD}.Ad-Hoc|iPhone.Deploy.0 = Debug|ARM
		{2F9BDFF2-FD90-4E63-B1C5-BC04AE1218DD}.Ad-Hoc|iPhoneSimulator.ActiveCfg = Debug|ARM
		{2F9BDFF2-FD90-4E63-B1C5-BC04AE1218DD}.Ad-Hoc|iPhoneSimulator.Build.0 = Debug|ARM
		{2F9BDFF2-FD90-4E63-B1C5-BC04AE1218DD}.Ad-Hoc|iPhoneSimulator.Deploy.0 = Debug|ARM
		{2F9BDFF2-FD90-4E63-B1C5-BC04AE1218DD}.Ad-Hoc|x64.ActiveCfg = Debug|x64
		{2F9BDFF2-FD90-4E63-B1C5-BC04AE1218DD}.Ad-Hoc|x64.Build.0 = Debug|x64
		{2F9BDFF2-FD90-4E63-B1C5-BC04AE1218DD}.Ad-Hoc|x64.Deploy.0 = Debug|x64
		{2F9BDFF2-FD90-4E63-B1C5-BC04AE1218DD}.Ad-Hoc|x86.ActiveCfg = Debug|x86
		{2F9BDFF2-FD90-4E63-B1C5-BC04AE1218DD}.Ad-Hoc|x86.Build.0 = Debug|x86
		{2F9BDFF2-FD90-4E63-B1C5-BC04AE1218DD}.Ad-Hoc|x86.Deploy.0 = Debug|x86
		{2F9BDFF2-FD90-4E63-B1C5-BC04AE1218DD}.AppStore|Any CPU.ActiveCfg = Debug|ARM
		{2F9BDFF2-FD90-4E63-B1C5-BC04AE1218DD}.AppStore|Any CPU.Build.0 = Debug|ARM
		{2F9BDFF2-FD90-4E63-B1C5-BC04AE1218DD}.AppStore|Any CPU.Deploy.0 = Debug|ARM
		{2F9BDFF2-FD90-4E63-B1C5-BC04AE1218DD}.AppStore|ARM.ActiveCfg = Debug|ARM
		{2F9BDFF2-FD90-4E63-B1C5-BC04AE1218DD}.AppStore|ARM.Build.0 = Debug|ARM
		{2F9BDFF2-FD90-4E63-B1C5-BC04AE1218DD}.AppStore|ARM.Deploy.0 = Debug|ARM
		{2F9BDFF2-FD90-4E63-B1C5-BC04AE1218DD}.AppStore|iPhone.ActiveCfg = Debug|ARM
		{2F9BDFF2-FD90-4E63-B1C5-BC04AE1218DD}.AppStore|iPhone.Build.0 = Debug|ARM
		{2F9BDFF2-FD90-4E63-B1C5-BC04AE1218DD}.AppStore|iPhone.Deploy.0 = Debug|ARM
		{2F9BDFF2-FD90-4E63-B1C5-BC04AE1218DD}.AppStore|iPhoneSimulator.ActiveCfg = Debug|ARM
		{2F9BDFF2-FD90-4E63-B1C5-BC04AE1218DD}.AppStore|iPhoneSimulator.Build.0 = Debug|ARM
		{2F9BDFF2-FD90-4E63-B1C5-BC04AE1218DD}.AppStore|iPhoneSimulator.Deploy.0 = Debug|ARM
		{2F9BDFF2-FD90-4E63-B1C5-BC04AE1218DD}.AppStore|x64.ActiveCfg = Debug|x64
		{2F9BDFF2-FD90-4E63-B1C5-BC04AE1218DD}.AppStore|x64.Build.0 = Debug|x64
		{2F9BDFF2-FD90-4E63-B1C5-BC04AE1218DD}.AppStore|x64.Deploy.0 = Debug|x64
		{2F9BDFF2-FD90-4E63-B1C5-BC04AE1218DD}.AppStore|x86.ActiveCfg = Debug|x86
		{2F9BDFF2-FD90-4E63-B1C5-BC04AE1218DD}.AppStore|x86.Build.0 = Debug|x86
		{2F9BDFF2-FD90-4E63-B1C5-BC04AE1218DD}.AppStore|x86.Deploy.0 = Debug|x86
		{2F9BDFF2-FD90-4E63-B1C5-BC04AE1218DD}.Debug|Any CPU.ActiveCfg = Debug|x86
		{2F9BDFF2-FD90-4E63-B1C5-BC04AE1218DD}.Debug|ARM.ActiveCfg = Debug|ARM
		{2F9BDFF2-FD90-4E63-B1C5-BC04AE1218DD}.Debug|ARM.Build.0 = Debug|ARM
		{2F9BDFF2-FD90-4E63-B1C5-BC04AE1218DD}.Debug|ARM.Deploy.0 = Debug|ARM
		{2F9BDFF2-FD90-4E63-B1C5-BC04AE1218DD}.Debug|iPhone.ActiveCfg = Debug|x86
		{2F9BDFF2-FD90-4E63-B1C5-BC04AE1218DD}.Debug|iPhoneSimulator.ActiveCfg = Debug|x86
		{2F9BDFF2-FD90-4E63-B1C5-BC04AE1218DD}.Debug|x64.ActiveCfg = Debug|x64
		{2F9BDFF2-FD90-4E63-B1C5-BC04AE1218DD}.Debug|x64.Build.0 = Debug|x64
		{2F9BDFF2-FD90-4E63-B1C5-BC04AE1218DD}.Debug|x64.Deploy.0 = Debug|x64
		{2F9BDFF2-FD90-4E63-B1C5-BC04AE1218DD}.Debug|x86.ActiveCfg = Debug|x86
		{2F9BDFF2-FD90-4E63-B1C5-BC04AE1218DD}.Debug|x86.Build.0 = Debug|x86
		{2F9BDFF2-FD90-4E63-B1C5-BC04AE1218DD}.Debug|x86.Deploy.0 = Debug|x86
		{2F9BDFF2-FD90-4E63-B1C5-BC04AE1218DD}.Release|Any CPU.ActiveCfg = Release|x86
		{2F9BDFF2-FD90-4E63-B1C5-BC04AE1218DD}.Release|ARM.ActiveCfg = Release|ARM
		{2F9BDFF2-FD90-4E63-B1C5-BC04AE1218DD}.Release|ARM.Build.0 = Release|ARM
		{2F9BDFF2-FD90-4E63-B1C5-BC04AE1218DD}.Release|ARM.Deploy.0 = Release|ARM
		{2F9BDFF2-FD90-4E63-B1C5-BC04AE1218DD}.Release|iPhone.ActiveCfg = Release|x86
		{2F9BDFF2-FD90-4E63-B1C5-BC04AE1218DD}.Release|iPhoneSimulator.ActiveCfg = Release|x86
		{2F9BDFF2-FD90-4E63-B1C5-BC04AE1218DD}.Release|x64.ActiveCfg = Release|x64
		{2F9BDFF2-FD90-4E63-B1C5-BC04AE1218DD}.Release|x64.Build.0 = Release|x64
		{2F9BDFF2-FD90-4E63-B1C5-BC04AE1218DD}.Release|x64.Deploy.0 = Release|x64
		{2F9BDFF2-FD90-4E63-B1C5-BC04AE1218DD}.Release|x86.ActiveCfg = Release|x86
		{2F9BDFF2-FD90-4E63-B1C5-BC04AE1218DD}.Release|x86.Build.0 = Release|x86
		{2F9BDFF2-FD90-4E63-B1C5-BC04AE1218DD}.Release|x86.Deploy.0 = Release|x86
	EndGlobalSection
	GlobalSection(SolutionProperties) = preSolution
		HideSolutionNode = FALSE
	EndGlobalSection
	GlobalSection(ExtensibilityGlobals) = postSolution
		SolutionGuid = {3BC867FC-64AB-440F-B8CB-26BD8BAD5271}
	EndGlobalSection
EndGlobal
