
Microsoft Visual Studio Solution File, Format Version 12.00
# Visual Studio Version 16
VisualStudioVersion = 16.0.30309.148
MinimumVisualStudioVersion = 10.0.40219.1
Project("{FAE04EC0-301F-11D3-BF4B-00C04F79EFBC}") = "Sample.PrismApp", "PrismForms-Ex7-Ver7.2-Template\Sample.PrismApp.csproj", "{A7CF3C6A-A457-40F8-8B3C-577A4BFE2154}"
EndProject
Project("{FAE04EC0-301F-11D3-BF4B-00C04F79EFBC}") = "Sample.PrismApp.Android", "PrismForms-Ex7-Ver7.2-Template\Sample.PrismApp.Android\Sample.PrismApp.Android.csproj", "{5F5887A2-8002-4310-A966-E8E7A275C537}"
EndProject
Project("{FAE04EC0-301F-11D3-BF4B-00C04F79EFBC}") = "Sample.PrismApp.UWP", "PrismForms-Ex7-Ver7.2-Template\Sample.PrismApp.UWP\Sample.PrismApp.UWP.csproj", "{6650ED5A-3566-4222-A754-A0764D1F0391}"
EndProject
Project("{2150E333-8FDC-42A3-9474-1A3956D46DE8}") = "Targets", "Targets", "{AB4A05D8-636D-40CE-94E8-C6739C33B952}"
EndProject
Global
	GlobalSection(SolutionConfigurationPlatforms) = preSolution
		Debug|Any CPU = Debug|Any CPU
		Debug|ARM = Debug|ARM
		Debug|x64 = Debug|x64
		Debug|x86 = Debug|x86
		Release|Any CPU = Release|Any CPU
		Release|ARM = Release|ARM
		Release|x64 = Release|x64
		Release|x86 = Release|x86
	EndGlobalSection
	GlobalSection(ProjectConfigurationPlatforms) = postSolution
		{A7CF3C6A-A457-40F8-8B3C-577A4BFE2154}.Debug|Any CPU.ActiveCfg = Debug|Any CPU
		{A7CF3C6A-A457-40F8-8B3C-577A4BFE2154}.Debug|Any CPU.Build.0 = Debug|Any CPU
		{A7CF3C6A-A457-40F8-8B3C-577A4BFE2154}.Debug|ARM.ActiveCfg = Debug|Any CPU
		{A7CF3C6A-A457-40F8-8B3C-577A4BFE2154}.Debug|ARM.Build.0 = Debug|Any CPU
		{A7CF3C6A-A457-40F8-8B3C-577A4BFE2154}.Debug|x64.ActiveCfg = Debug|Any CPU
		{A7CF3C6A-A457-40F8-8B3C-577A4BFE2154}.Debug|x64.Build.0 = Debug|Any CPU
		{A7CF3C6A-A457-40F8-8B3C-577A4BFE2154}.Debug|x86.ActiveCfg = Debug|Any CPU
		{A7CF3C6A-A457-40F8-8B3C-577A4BFE2154}.Debug|x86.Build.0 = Debug|Any CPU
		{A7CF3C6A-A457-40F8-8B3C-577A4BFE2154}.Release|Any CPU.ActiveCfg = Release|Any CPU
		{A7CF3C6A-A457-40F8-8B3C-577A4BFE2154}.Release|Any CPU.Build.0 = Release|Any CPU
		{A7CF3C6A-A457-40F8-8B3C-577A4BFE2154}.Release|ARM.ActiveCfg = Release|Any CPU
		{A7CF3C6A-A457-40F8-8B3C-577A4BFE2154}.Release|ARM.Build.0 = Release|Any CPU
		{A7CF3C6A-A457-40F8-8B3C-577A4BFE2154}.Release|x64.ActiveCfg = Release|Any CPU
		{A7CF3C6A-A457-40F8-8B3C-577A4BFE2154}.Release|x64.Build.0 = Release|Any CPU
		{A7CF3C6A-A457-40F8-8B3C-577A4BFE2154}.Release|x86.ActiveCfg = Release|Any CPU
		{A7CF3C6A-A457-40F8-8B3C-577A4BFE2154}.Release|x86.Build.0 = Release|Any CPU
		{5F5887A2-8002-4310-A966-E8E7A275C537}.Debug|Any CPU.ActiveCfg = Debug|Any CPU
		{5F5887A2-8002-4310-A966-E8E7A275C537}.Debug|Any CPU.Build.0 = Debug|Any CPU
		{5F5887A2-8002-4310-A966-E8E7A275C537}.Debug|Any CPU.Deploy.0 = Debug|Any CPU
		{5F5887A2-8002-4310-A966-E8E7A275C537}.Debug|ARM.ActiveCfg = Debug|Any CPU
		{5F5887A2-8002-4310-A966-E8E7A275C537}.Debug|ARM.Build.0 = Debug|Any CPU
		{5F5887A2-8002-4310-A966-E8E7A275C537}.Debug|ARM.Deploy.0 = Debug|Any CPU
		{5F5887A2-8002-4310-A966-E8E7A275C537}.Debug|x64.ActiveCfg = Debug|Any CPU
		{5F5887A2-8002-4310-A966-E8E7A275C537}.Debug|x64.Build.0 = Debug|Any CPU
		{5F5887A2-8002-4310-A966-E8E7A275C537}.Debug|x64.Deploy.0 = Debug|Any CPU
		{5F5887A2-8002-4310-A966-E8E7A275C537}.Debug|x86.ActiveCfg = Debug|Any CPU
		{5F5887A2-8002-4310-A966-E8E7A275C537}.Debug|x86.Build.0 = Debug|Any CPU
		{5F5887A2-8002-4310-A966-E8E7A275C537}.Debug|x86.Deploy.0 = Debug|Any CPU
		{5F5887A2-8002-4310-A966-E8E7A275C537}.Release|Any CPU.ActiveCfg = Release|Any CPU
		{5F5887A2-8002-4310-A966-E8E7A275C537}.Release|Any CPU.Build.0 = Release|Any CPU
		{5F5887A2-8002-4310-A966-E8E7A275C537}.Release|Any CPU.Deploy.0 = Release|Any CPU
		{5F5887A2-8002-4310-A966-E8E7A275C537}.Release|ARM.ActiveCfg = Release|Any CPU
		{5F5887A2-8002-4310-A966-E8E7A275C537}.Release|ARM.Build.0 = Release|Any CPU
		{5F5887A2-8002-4310-A966-E8E7A275C537}.Release|ARM.Deploy.0 = Release|Any CPU
		{5F5887A2-8002-4310-A966-E8E7A275C537}.Release|x64.ActiveCfg = Release|Any CPU
		{5F5887A2-8002-4310-A966-E8E7A275C537}.Release|x64.Build.0 = Release|Any CPU
		{5F5887A2-8002-4310-A966-E8E7A275C537}.Release|x64.Deploy.0 = Release|Any CPU
		{5F5887A2-8002-4310-A966-E8E7A275C537}.Release|x86.ActiveCfg = Release|Any CPU
		{5F5887A2-8002-4310-A966-E8E7A275C537}.Release|x86.Build.0 = Release|Any CPU
		{5F5887A2-8002-4310-A966-E8E7A275C537}.Release|x86.Deploy.0 = Release|Any CPU
		{6650ED5A-3566-4222-A754-A0764D1F0391}.Debug|Any CPU.ActiveCfg = Debug|x86
		{6650ED5A-3566-4222-A754-A0764D1F0391}.Debug|ARM.ActiveCfg = Debug|ARM
		{6650ED5A-3566-4222-A754-A0764D1F0391}.Debug|ARM.Build.0 = Debug|ARM
		{6650ED5A-3566-4222-A754-A0764D1F0391}.Debug|ARM.Deploy.0 = Debug|ARM
		{6650ED5A-3566-4222-A754-A0764D1F0391}.Debug|x64.ActiveCfg = Debug|x64
		{6650ED5A-3566-4222-A754-A0764D1F0391}.Debug|x64.Build.0 = Debug|x64
		{6650ED5A-3566-4222-A754-A0764D1F0391}.Debug|x64.Deploy.0 = Debug|x64
		{6650ED5A-3566-4222-A754-A0764D1F0391}.Debug|x86.ActiveCfg = Debug|x86
		{6650ED5A-3566-4222-A754-A0764D1F0391}.Debug|x86.Build.0 = Debug|x86
		{6650ED5A-3566-4222-A754-A0764D1F0391}.Debug|x86.Deploy.0 = Debug|x86
		{6650ED5A-3566-4222-A754-A0764D1F0391}.Release|Any CPU.ActiveCfg = Release|x86
		{6650ED5A-3566-4222-A754-A0764D1F0391}.Release|ARM.ActiveCfg = Release|ARM
		{6650ED5A-3566-4222-A754-A0764D1F0391}.Release|ARM.Build.0 = Release|ARM
		{6650ED5A-3566-4222-A754-A0764D1F0391}.Release|ARM.Deploy.0 = Release|ARM
		{6650ED5A-3566-4222-A754-A0764D1F0391}.Release|x64.ActiveCfg = Release|x64
		{6650ED5A-3566-4222-A754-A0764D1F0391}.Release|x64.Build.0 = Release|x64
		{6650ED5A-3566-4222-A754-A0764D1F0391}.Release|x64.Deploy.0 = Release|x64
		{6650ED5A-3566-4222-A754-A0764D1F0391}.Release|x86.ActiveCfg = Release|x86
		{6650ED5A-3566-4222-A754-A0764D1F0391}.Release|x86.Build.0 = Release|x86
		{6650ED5A-3566-4222-A754-A0764D1F0391}.Release|x86.Deploy.0 = Release|x86
	EndGlobalSection
	GlobalSection(SolutionProperties) = preSolution
		HideSolutionNode = FALSE
	EndGlobalSection
	GlobalSection(NestedProjects) = preSolution
		{5F5887A2-8002-4310-A966-E8E7A275C537} = {AB4A05D8-636D-40CE-94E8-C6739C33B952}
		{6650ED5A-3566-4222-A754-A0764D1F0391} = {AB4A05D8-636D-40CE-94E8-C6739C33B952}
	EndGlobalSection
	GlobalSection(ExtensibilityGlobals) = postSolution
		SolutionGuid = {26729FF2-180D-4615-8D6E-3237D807853C}
	EndGlobalSection
EndGlobal
