
Microsoft Visual Studio Solution File, Format Version 12.00
# Visual Studio Version 16
VisualStudioVersion = 16.0.31410.357
MinimumVisualStudioVersion = 10.0.40219.1
Project("{FAE04EC0-301F-11D3-BF4B-00C04F79EFBC}") = "Learn.PrismWpf.BasicRegions", "Wpf-Ex4-MaterialDesign\Learn.PrismWpf.MaterialDesign.csproj", "{06E33EA4-351F-412F-94A7-41BBE218D21C}"
EndProject
Global
	GlobalSection(SolutionConfigurationPlatforms) = preSolution
		Debug|Any CPU = Debug|Any CPU
		Release|Any CPU = Release|Any CPU
	EndGlobalSection
	GlobalSection(ProjectConfigurationPlatforms) = postSolution
		{06E33EA4-351F-412F-94A7-41BBE218D21C}.Debug|Any CPU.ActiveCfg = Debug|Any CPU
		{06E33EA4-351F-412F-94A7-41BBE218D21C}.Debug|Any CPU.Build.0 = Debug|Any CPU
		{06E33EA4-351F-412F-94A7-41BBE218D21C}.Release|Any CPU.ActiveCfg = Release|Any CPU
		{06E33EA4-351F-412F-94A7-41BBE218D21C}.Release|Any CPU.Build.0 = Release|Any CPU
	EndGlobalSection
	GlobalSection(SolutionProperties) = preSolution
		HideSolutionNode = FALSE
	EndGlobalSection
	GlobalSection(ExtensibilityGlobals) = postSolution
		SolutionGuid = {0EBF7901-1A29-4028-8DB3-BC2E31DFD361}
	EndGlobalSection
EndGlobal
