
Microsoft Visual Studio Solution File, Format Version 12.00
# Visual Studio Version 16
VisualStudioVersion = 16.0.31727.386
MinimumVisualStudioVersion = 10.0.40219.1
Project("{9A19103F-16F7-4668-BE54-9A1E7A4F7556}") = "Sample.PrismMobile", "Sample.PrismMobile\Sample.PrismMobile.csproj", "{DECA3389-DC8D-4D3E-B9DB-F67FD1C0432B}"
EndProject
Project("{FAE04EC0-301F-11D3-BF4B-00C04F79EFBC}") = "Sample.PrismMobile.Android", "Sample.PrismMobile.Android\Sample.PrismMobile.Android.csproj", "{47C6CB72-B2CF-4EA3-9D4A-5604FF35BE7D}"
EndProject
Project("{FAE04EC0-301F-11D3-BF4B-00C04F79EFBC}") = "Sample.PrismMobile.UWP", "Sample.PrismMobile.UWP\Sample.PrismMobile.UWP.csproj", "{63D1302B-67F4-4231-BA6C-0BA6D210D94B}"
EndProject
Project("{2150E333-8FDC-42A3-9474-1A3956D46DE8}") = "Targets", "Targets", "{A37E7227-0968-4DA5-9EA8-13EE04FF810F}"
EndProject
Project("{FAE04EC0-301F-11D3-BF4B-00C04F79EFBC}") = "Sample.PrismMobile.Gtk", "Sample.PrismMobile.Gtk\Sample.PrismMobile.Gtk.csproj", "{90C48CD2-AABA-40D7-8784-FA58CD1C4A39}"
EndProject
Global
	GlobalSection(SolutionConfigurationPlatforms) = preSolution
		Ad-Hoc|Any CPU = Ad-Hoc|Any CPU
		Ad-Hoc|ARM = Ad-Hoc|ARM
		Ad-Hoc|iPhone = Ad-Hoc|iPhone
		Ad-Hoc|iPhoneSimulator = Ad-Hoc|iPhoneSimulator
		Ad-Hoc|x64 = Ad-Hoc|x64
		Ad-Hoc|x86 = Ad-Hoc|x86
		AppStore|Any CPU = AppStore|Any CPU
		AppStore|ARM = AppStore|ARM
		AppStore|iPhone = AppStore|iPhone
		AppStore|iPhoneSimulator = AppStore|iPhoneSimulator
		AppStore|x64 = AppStore|x64
		AppStore|x86 = AppStore|x86
		Debug|Any CPU = Debug|Any CPU
		Debug|ARM = Debug|ARM
		Debug|iPhone = Debug|iPhone
		Debug|iPhoneSimulator = Debug|iPhoneSimulator
		Debug|x64 = Debug|x64
		Debug|x86 = Debug|x86
		Release|Any CPU = Release|Any CPU
		Release|ARM = Release|ARM
		Release|iPhone = Release|iPhone
		Release|iPhoneSimulator = Release|iPhoneSimulator
		Release|x64 = Release|x64
		Release|x86 = Release|x86
	EndGlobalSection
	GlobalSection(ProjectConfigurationPlatforms) = postSolution
		{DECA3389-DC8D-4D3E-B9DB-F67FD1C0432B}.Ad-Hoc|Any CPU.ActiveCfg = Debug|Any CPU
		{DECA3389-DC8D-4D3E-B9DB-F67FD1C0432B}.Ad-Hoc|Any CPU.Build.0 = Debug|Any CPU
		{DECA3389-DC8D-4D3E-B9DB-F67FD1C0432B}.Ad-Hoc|ARM.ActiveCfg = Debug|Any CPU
		{DECA3389-DC8D-4D3E-B9DB-F67FD1C0432B}.Ad-Hoc|ARM.Build.0 = Debug|Any CPU
		{DECA3389-DC8D-4D3E-B9DB-F67FD1C0432B}.Ad-Hoc|iPhone.ActiveCfg = Debug|Any CPU
		{DECA3389-DC8D-4D3E-B9DB-F67FD1C0432B}.Ad-Hoc|iPhone.Build.0 = Debug|Any CPU
		{DECA3389-DC8D-4D3E-B9DB-F67FD1C0432B}.Ad-Hoc|iPhoneSimulator.ActiveCfg = Debug|Any CPU
		{DECA3389-DC8D-4D3E-B9DB-F67FD1C0432B}.Ad-Hoc|iPhoneSimulator.Build.0 = Debug|Any CPU
		{DECA3389-DC8D-4D3E-B9DB-F67FD1C0432B}.Ad-Hoc|x64.ActiveCfg = Debug|Any CPU
		{DECA3389-DC8D-4D3E-B9DB-F67FD1C0432B}.Ad-Hoc|x64.Build.0 = Debug|Any CPU
		{DECA3389-DC8D-4D3E-B9DB-F67FD1C0432B}.Ad-Hoc|x86.ActiveCfg = Debug|Any CPU
		{DECA3389-DC8D-4D3E-B9DB-F67FD1C0432B}.Ad-Hoc|x86.Build.0 = Debug|Any CPU
		{DECA3389-DC8D-4D3E-B9DB-F67FD1C0432B}.AppStore|Any CPU.ActiveCfg = Debug|Any CPU
		{DECA3389-DC8D-4D3E-B9DB-F67FD1C0432B}.AppStore|Any CPU.Build.0 = Debug|Any CPU
		{DECA3389-DC8D-4D3E-B9DB-F67FD1C0432B}.AppStore|ARM.ActiveCfg = Debug|Any CPU
		{DECA3389-DC8D-4D3E-B9DB-F67FD1C0432B}.AppStore|ARM.Build.0 = Debug|Any CPU
		{DECA3389-DC8D-4D3E-B9DB-F67FD1C0432B}.AppStore|iPhone.ActiveCfg = Debug|Any CPU
		{DECA3389-DC8D-4D3E-B9DB-F67FD1C0432B}.AppStore|iPhone.Build.0 = Debug|Any CPU
		{DECA3389-DC8D-4D3E-B9DB-F67FD1C0432B}.AppStore|iPhoneSimulator.ActiveCfg = Debug|Any CPU
		{DECA3389-DC8D-4D3E-B9DB-F67FD1C0432B}.AppStore|iPhoneSimulator.Build.0 = Debug|Any CPU
		{DECA3389-DC8D-4D3E-B9DB-F67FD1C0432B}.AppStore|x64.ActiveCfg = Debug|Any CPU
		{DECA3389-DC8D-4D3E-B9DB-F67FD1C0432B}.AppStore|x64.Build.0 = Debug|Any CPU
		{DECA3389-DC8D-4D3E-B9DB-F67FD1C0432B}.AppStore|x86.ActiveCfg = Debug|Any CPU
		{DECA3389-DC8D-4D3E-B9DB-F67FD1C0432B}.AppStore|x86.Build.0 = Debug|Any CPU
		{DECA3389-DC8D-4D3E-B9DB-F67FD1C0432B}.Debug|Any CPU.ActiveCfg = Debug|Any CPU
		{DECA3389-DC8D-4D3E-B9DB-F67FD1C0432B}.Debug|Any CPU.Build.0 = Debug|Any CPU
		{DECA3389-DC8D-4D3E-B9DB-F67FD1C0432B}.Debug|ARM.ActiveCfg = Debug|Any CPU
		{DECA3389-DC8D-4D3E-B9DB-F67FD1C0432B}.Debug|ARM.Build.0 = Debug|Any CPU
		{DECA3389-DC8D-4D3E-B9DB-F67FD1C0432B}.Debug|iPhone.ActiveCfg = Debug|Any CPU
		{DECA3389-DC8D-4D3E-B9DB-F67FD1C0432B}.Debug|iPhone.Build.0 = Debug|Any CPU
		{DECA3389-DC8D-4D3E-B9DB-F67FD1C0432B}.Debug|iPhoneSimulator.ActiveCfg = Debug|Any CPU
		{DECA3389-DC8D-4D3E-B9DB-F67FD1C0432B}.Debug|iPhoneSimulator.Build.0 = Debug|Any CPU
		{DECA3389-DC8D-4D3E-B9DB-F67FD1C0432B}.Debug|x64.ActiveCfg = Debug|Any CPU
		{DECA3389-DC8D-4D3E-B9DB-F67FD1C0432B}.Debug|x64.Build.0 = Debug|Any CPU
		{DECA3389-DC8D-4D3E-B9DB-F67FD1C0432B}.Debug|x86.ActiveCfg = Debug|Any CPU
		{DECA3389-DC8D-4D3E-B9DB-F67FD1C0432B}.Debug|x86.Build.0 = Debug|Any CPU
		{DECA3389-DC8D-4D3E-B9DB-F67FD1C0432B}.Release|Any CPU.ActiveCfg = Release|Any CPU
		{DECA3389-DC8D-4D3E-B9DB-F67FD1C0432B}.Release|Any CPU.Build.0 = Release|Any CPU
		{DECA3389-DC8D-4D3E-B9DB-F67FD1C0432B}.Release|ARM.ActiveCfg = Release|Any CPU
		{DECA3389-DC8D-4D3E-B9DB-F67FD1C0432B}.Release|ARM.Build.0 = Release|Any CPU
		{DECA3389-DC8D-4D3E-B9DB-F67FD1C0432B}.Release|iPhone.ActiveCfg = Release|Any CPU
		{DECA3389-DC8D-4D3E-B9DB-F67FD1C0432B}.Release|iPhone.Build.0 = Release|Any CPU
		{DECA3389-DC8D-4D3E-B9DB-F67FD1C0432B}.Release|iPhoneSimulator.ActiveCfg = Release|Any CPU
		{DECA3389-DC8D-4D3E-B9DB-F67FD1C0432B}.Release|iPhoneSimulator.Build.0 = Release|Any CPU
		{DECA3389-DC8D-4D3E-B9DB-F67FD1C0432B}.Release|x64.ActiveCfg = Release|Any CPU
		{DECA3389-DC8D-4D3E-B9DB-F67FD1C0432B}.Release|x64.Build.0 = Release|Any CPU
		{DECA3389-DC8D-4D3E-B9DB-F67FD1C0432B}.Release|x86.ActiveCfg = Release|Any CPU
		{DECA3389-DC8D-4D3E-B9DB-F67FD1C0432B}.Release|x86.Build.0 = Release|Any CPU
		{47C6CB72-B2CF-4EA3-9D4A-5604FF35BE7D}.Ad-Hoc|Any CPU.ActiveCfg = Debug|Any CPU
		{47C6CB72-B2CF-4EA3-9D4A-5604FF35BE7D}.Ad-Hoc|Any CPU.Build.0 = Debug|Any CPU
		{47C6CB72-B2CF-4EA3-9D4A-5604FF35BE7D}.Ad-Hoc|Any CPU.Deploy.0 = Debug|Any CPU
		{47C6CB72-B2CF-4EA3-9D4A-5604FF35BE7D}.Ad-Hoc|ARM.ActiveCfg = Debug|Any CPU
		{47C6CB72-B2CF-4EA3-9D4A-5604FF35BE7D}.Ad-Hoc|ARM.Build.0 = Debug|Any CPU
		{47C6CB72-B2CF-4EA3-9D4A-5604FF35BE7D}.Ad-Hoc|ARM.Deploy.0 = Debug|Any CPU
		{47C6CB72-B2CF-4EA3-9D4A-5604FF35BE7D}.Ad-Hoc|iPhone.ActiveCfg = Debug|Any CPU
		{47C6CB72-B2CF-4EA3-9D4A-5604FF35BE7D}.Ad-Hoc|iPhone.Build.0 = Debug|Any CPU
		{47C6CB72-B2CF-4EA3-9D4A-5604FF35BE7D}.Ad-Hoc|iPhone.Deploy.0 = Debug|Any CPU
		{47C6CB72-B2CF-4EA3-9D4A-5604FF35BE7D}.Ad-Hoc|iPhoneSimulator.ActiveCfg = Debug|Any CPU
		{47C6CB72-B2CF-4EA3-9D4A-5604FF35BE7D}.Ad-Hoc|iPhoneSimulator.Build.0 = Debug|Any CPU
		{47C6CB72-B2CF-4EA3-9D4A-5604FF35BE7D}.Ad-Hoc|iPhoneSimulator.Deploy.0 = Debug|Any CPU
		{47C6CB72-B2CF-4EA3-9D4A-5604FF35BE7D}.Ad-Hoc|x64.ActiveCfg = Debug|Any CPU
		{47C6CB72-B2CF-4EA3-9D4A-5604FF35BE7D}.Ad-Hoc|x64.Build.0 = Debug|Any CPU
		{47C6CB72-B2CF-4EA3-9D4A-5604FF35BE7D}.Ad-Hoc|x64.Deploy.0 = Debug|Any CPU
		{47C6CB72-B2CF-4EA3-9D4A-5604FF35BE7D}.Ad-Hoc|x86.ActiveCfg = Debug|Any CPU
		{47C6CB72-B2CF-4EA3-9D4A-5604FF35BE7D}.Ad-Hoc|x86.Build.0 = Debug|Any CPU
		{47C6CB72-B2CF-4EA3-9D4A-5604FF35BE7D}.Ad-Hoc|x86.Deploy.0 = Debug|Any CPU
		{47C6CB72-B2CF-4EA3-9D4A-5604FF35BE7D}.AppStore|Any CPU.ActiveCfg = Debug|Any CPU
		{47C6CB72-B2CF-4EA3-9D4A-5604FF35BE7D}.AppStore|Any CPU.Build.0 = Debug|Any CPU
		{47C6CB72-B2CF-4EA3-9D4A-5604FF35BE7D}.AppStore|Any CPU.Deploy.0 = Debug|Any CPU
		{47C6CB72-B2CF-4EA3-9D4A-5604FF35BE7D}.AppStore|ARM.ActiveCfg = Debug|Any CPU
		{47C6CB72-B2CF-4EA3-9D4A-5604FF35BE7D}.AppStore|ARM.Build.0 = Debug|Any CPU
		{47C6CB72-B2CF-4EA3-9D4A-5604FF35BE7D}.AppStore|ARM.Deploy.0 = Debug|Any CPU
		{47C6CB72-B2CF-4EA3-9D4A-5604FF35BE7D}.AppStore|iPhone.ActiveCfg = Debug|Any CPU
		{47C6CB72-B2CF-4EA3-9D4A-5604FF35BE7D}.AppStore|iPhone.Build.0 = Debug|Any CPU
		{47C6CB72-B2CF-4EA3-9D4A-5604FF35BE7D}.AppStore|iPhone.Deploy.0 = Debug|Any CPU
		{47C6CB72-B2CF-4EA3-9D4A-5604FF35BE7D}.AppStore|iPhoneSimulator.ActiveCfg = Debug|Any CPU
		{47C6CB72-B2CF-4EA3-9D4A-5604FF35BE7D}.AppStore|iPhoneSimulator.Build.0 = Debug|Any CPU
		{47C6CB72-B2CF-4EA3-9D4A-5604FF35BE7D}.AppStore|iPhoneSimulator.Deploy.0 = Debug|Any CPU
		{47C6CB72-B2CF-4EA3-9D4A-5604FF35BE7D}.AppStore|x64.ActiveCfg = Debug|Any CPU
		{47C6CB72-B2CF-4EA3-9D4A-5604FF35BE7D}.AppStore|x64.Build.0 = Debug|Any CPU
		{47C6CB72-B2CF-4EA3-9D4A-5604FF35BE7D}.AppStore|x64.Deploy.0 = Debug|Any CPU
		{47C6CB72-B2CF-4EA3-9D4A-5604FF35BE7D}.AppStore|x86.ActiveCfg = Debug|Any CPU
		{47C6CB72-B2CF-4EA3-9D4A-5604FF35BE7D}.AppStore|x86.Build.0 = Debug|Any CPU
		{47C6CB72-B2CF-4EA3-9D4A-5604FF35BE7D}.AppStore|x86.Deploy.0 = Debug|Any CPU
		{47C6CB72-B2CF-4EA3-9D4A-5604FF35BE7D}.Debug|Any CPU.ActiveCfg = Debug|Any CPU
		{47C6CB72-B2CF-4EA3-9D4A-5604FF35BE7D}.Debug|Any CPU.Build.0 = Debug|Any CPU
		{47C6CB72-B2CF-4EA3-9D4A-5604FF35BE7D}.Debug|Any CPU.Deploy.0 = Debug|Any CPU
		{47C6CB72-B2CF-4EA3-9D4A-5604FF35BE7D}.Debug|ARM.ActiveCfg = Debug|Any CPU
		{47C6CB72-B2CF-4EA3-9D4A-5604FF35BE7D}.Debug|ARM.Build.0 = Debug|Any CPU
		{47C6CB72-B2CF-4EA3-9D4A-5604FF35BE7D}.Debug|ARM.Deploy.0 = Debug|Any CPU
		{47C6CB72-B2CF-4EA3-9D4A-5604FF35BE7D}.Debug|iPhone.ActiveCfg = Debug|Any CPU
		{47C6CB72-B2CF-4EA3-9D4A-5604FF35BE7D}.Debug|iPhone.Build.0 = Debug|Any CPU
		{47C6CB72-B2CF-4EA3-9D4A-5604FF35BE7D}.Debug|iPhone.Deploy.0 = Debug|Any CPU
		{47C6CB72-B2CF-4EA3-9D4A-5604FF35BE7D}.Debug|iPhoneSimulator.ActiveCfg = Debug|Any CPU
		{47C6CB72-B2CF-4EA3-9D4A-5604FF35BE7D}.Debug|iPhoneSimulator.Build.0 = Debug|Any CPU
		{47C6CB72-B2CF-4EA3-9D4A-5604FF35BE7D}.Debug|iPhoneSimulator.Deploy.0 = Debug|Any CPU
		{47C6CB72-B2CF-4EA3-9D4A-5604FF35BE7D}.Debug|x64.ActiveCfg = Debug|Any CPU
		{47C6CB72-B2CF-4EA3-9D4A-5604FF35BE7D}.Debug|x64.Build.0 = Debug|Any CPU
		{47C6CB72-B2CF-4EA3-9D4A-5604FF35BE7D}.Debug|x64.Deploy.0 = Debug|Any CPU
		{47C6CB72-B2CF-4EA3-9D4A-5604FF35BE7D}.Debug|x86.ActiveCfg = Debug|Any CPU
		{47C6CB72-B2CF-4EA3-9D4A-5604FF35BE7D}.Debug|x86.Build.0 = Debug|Any CPU
		{47C6CB72-B2CF-4EA3-9D4A-5604FF35BE7D}.Debug|x86.Deploy.0 = Debug|Any CPU
		{47C6CB72-B2CF-4EA3-9D4A-5604FF35BE7D}.Release|Any CPU.ActiveCfg = Release|Any CPU
		{47C6CB72-B2CF-4EA3-9D4A-5604FF35BE7D}.Release|Any CPU.Build.0 = Release|Any CPU
		{47C6CB72-B2CF-4EA3-9D4A-5604FF35BE7D}.Release|Any CPU.Deploy.0 = Release|Any CPU
		{47C6CB72-B2CF-4EA3-9D4A-5604FF35BE7D}.Release|ARM.ActiveCfg = Release|Any CPU
		{47C6CB72-B2CF-4EA3-9D4A-5604FF35BE7D}.Release|ARM.Build.0 = Release|Any CPU
		{47C6CB72-B2CF-4EA3-9D4A-5604FF35BE7D}.Release|ARM.Deploy.0 = Release|Any CPU
		{47C6CB72-B2CF-4EA3-9D4A-5604FF35BE7D}.Release|iPhone.ActiveCfg = Release|Any CPU
		{47C6CB72-B2CF-4EA3-9D4A-5604FF35BE7D}.Release|iPhone.Build.0 = Release|Any CPU
		{47C6CB72-B2CF-4EA3-9D4A-5604FF35BE7D}.Release|iPhone.Deploy.0 = Release|Any CPU
		{47C6CB72-B2CF-4EA3-9D4A-5604FF35BE7D}.Release|iPhoneSimulator.ActiveCfg = Release|Any CPU
		{47C6CB72-B2CF-4EA3-9D4A-5604FF35BE7D}.Release|iPhoneSimulator.Build.0 = Release|Any CPU
		{47C6CB72-B2CF-4EA3-9D4A-5604FF35BE7D}.Release|iPhoneSimulator.Deploy.0 = Release|Any CPU
		{47C6CB72-B2CF-4EA3-9D4A-5604FF35BE7D}.Release|x64.ActiveCfg = Release|Any CPU
		{47C6CB72-B2CF-4EA3-9D4A-5604FF35BE7D}.Release|x64.Build.0 = Release|Any CPU
		{47C6CB72-B2CF-4EA3-9D4A-5604FF35BE7D}.Release|x64.Deploy.0 = Release|Any CPU
		{47C6CB72-B2CF-4EA3-9D4A-5604FF35BE7D}.Release|x86.ActiveCfg = Release|Any CPU
		{47C6CB72-B2CF-4EA3-9D4A-5604FF35BE7D}.Release|x86.Build.0 = Release|Any CPU
		{47C6CB72-B2CF-4EA3-9D4A-5604FF35BE7D}.Release|x86.Deploy.0 = Release|Any CPU
		{63D1302B-67F4-4231-BA6C-0BA6D210D94B}.Ad-Hoc|Any CPU.ActiveCfg = Debug|ARM
		{63D1302B-67F4-4231-BA6C-0BA6D210D94B}.Ad-Hoc|Any CPU.Build.0 = Debug|ARM
		{63D1302B-67F4-4231-BA6C-0BA6D210D94B}.Ad-Hoc|Any CPU.Deploy.0 = Debug|ARM
		{63D1302B-67F4-4231-BA6C-0BA6D210D94B}.Ad-Hoc|ARM.ActiveCfg = Debug|ARM
		{63D1302B-67F4-4231-BA6C-0BA6D210D94B}.Ad-Hoc|ARM.Build.0 = Debug|ARM
		{63D1302B-67F4-4231-BA6C-0BA6D210D94B}.Ad-Hoc|ARM.Deploy.0 = Debug|ARM
		{63D1302B-67F4-4231-BA6C-0BA6D210D94B}.Ad-Hoc|iPhone.ActiveCfg = Debug|ARM
		{63D1302B-67F4-4231-BA6C-0BA6D210D94B}.Ad-Hoc|iPhone.Build.0 = Debug|ARM
		{63D1302B-67F4-4231-BA6C-0BA6D210D94B}.Ad-Hoc|iPhone.Deploy.0 = Debug|ARM
		{63D1302B-67F4-4231-BA6C-0BA6D210D94B}.Ad-Hoc|iPhoneSimulator.ActiveCfg = Debug|ARM
		{63D1302B-67F4-4231-BA6C-0BA6D210D94B}.Ad-Hoc|iPhoneSimulator.Build.0 = Debug|ARM
		{63D1302B-67F4-4231-BA6C-0BA6D210D94B}.Ad-Hoc|iPhoneSimulator.Deploy.0 = Debug|ARM
		{63D1302B-67F4-4231-BA6C-0BA6D210D94B}.Ad-Hoc|x64.ActiveCfg = Debug|x64
		{63D1302B-67F4-4231-BA6C-0BA6D210D94B}.Ad-Hoc|x64.Build.0 = Debug|x64
		{63D1302B-67F4-4231-BA6C-0BA6D210D94B}.Ad-Hoc|x64.Deploy.0 = Debug|x64
		{63D1302B-67F4-4231-BA6C-0BA6D210D94B}.Ad-Hoc|x86.ActiveCfg = Debug|x86
		{63D1302B-67F4-4231-BA6C-0BA6D210D94B}.Ad-Hoc|x86.Build.0 = Debug|x86
		{63D1302B-67F4-4231-BA6C-0BA6D210D94B}.Ad-Hoc|x86.Deploy.0 = Debug|x86
		{63D1302B-67F4-4231-BA6C-0BA6D210D94B}.AppStore|Any CPU.ActiveCfg = Debug|ARM
		{63D1302B-67F4-4231-BA6C-0BA6D210D94B}.AppStore|Any CPU.Build.0 = Debug|ARM
		{63D1302B-67F4-4231-BA6C-0BA6D210D94B}.AppStore|Any CPU.Deploy.0 = Debug|ARM
		{63D1302B-67F4-4231-BA6C-0BA6D210D94B}.AppStore|ARM.ActiveCfg = Debug|ARM
		{63D1302B-67F4-4231-BA6C-0BA6D210D94B}.AppStore|ARM.Build.0 = Debug|ARM
		{63D1302B-67F4-4231-BA6C-0BA6D210D94B}.AppStore|ARM.Deploy.0 = Debug|ARM
		{63D1302B-67F4-4231-BA6C-0BA6D210D94B}.AppStore|iPhone.ActiveCfg = Debug|ARM
		{63D1302B-67F4-4231-BA6C-0BA6D210D94B}.AppStore|iPhone.Build.0 = Debug|ARM
		{63D1302B-67F4-4231-BA6C-0BA6D210D94B}.AppStore|iPhone.Deploy.0 = Debug|ARM
		{63D1302B-67F4-4231-BA6C-0BA6D210D94B}.AppStore|iPhoneSimulator.ActiveCfg = Debug|ARM
		{63D1302B-67F4-4231-BA6C-0BA6D210D94B}.AppStore|iPhoneSimulator.Build.0 = Debug|ARM
		{63D1302B-67F4-4231-BA6C-0BA6D210D94B}.AppStore|iPhoneSimulator.Deploy.0 = Debug|ARM
		{63D1302B-67F4-4231-BA6C-0BA6D210D94B}.AppStore|x64.ActiveCfg = Debug|x64
		{63D1302B-67F4-4231-BA6C-0BA6D210D94B}.AppStore|x64.Build.0 = Debug|x64
		{63D1302B-67F4-4231-BA6C-0BA6D210D94B}.AppStore|x64.Deploy.0 = Debug|x64
		{63D1302B-67F4-4231-BA6C-0BA6D210D94B}.AppStore|x86.ActiveCfg = Debug|x86
		{63D1302B-67F4-4231-BA6C-0BA6D210D94B}.AppStore|x86.Build.0 = Debug|x86
		{63D1302B-67F4-4231-BA6C-0BA6D210D94B}.AppStore|x86.Deploy.0 = Debug|x86
		{63D1302B-67F4-4231-BA6C-0BA6D210D94B}.Debug|Any CPU.ActiveCfg = Debug|x86
		{63D1302B-67F4-4231-BA6C-0BA6D210D94B}.Debug|Any CPU.Deploy.0 = Debug|x86
		{63D1302B-67F4-4231-BA6C-0BA6D210D94B}.Debug|ARM.ActiveCfg = Debug|ARM
		{63D1302B-67F4-4231-BA6C-0BA6D210D94B}.Debug|ARM.Build.0 = Debug|ARM
		{63D1302B-67F4-4231-BA6C-0BA6D210D94B}.Debug|ARM.Deploy.0 = Debug|ARM
		{63D1302B-67F4-4231-BA6C-0BA6D210D94B}.Debug|iPhone.ActiveCfg = Debug|x86
		{63D1302B-67F4-4231-BA6C-0BA6D210D94B}.Debug|iPhoneSimulator.ActiveCfg = Debug|x86
		{63D1302B-67F4-4231-BA6C-0BA6D210D94B}.Debug|x64.ActiveCfg = Debug|x64
		{63D1302B-67F4-4231-BA6C-0BA6D210D94B}.Debug|x64.Build.0 = Debug|x64
		{63D1302B-67F4-4231-BA6C-0BA6D210D94B}.Debug|x64.Deploy.0 = Debug|x64
		{63D1302B-67F4-4231-BA6C-0BA6D210D94B}.Debug|x86.ActiveCfg = Debug|x86
		{63D1302B-67F4-4231-BA6C-0BA6D210D94B}.Debug|x86.Build.0 = Debug|x86
		{63D1302B-67F4-4231-BA6C-0BA6D210D94B}.Debug|x86.Deploy.0 = Debug|x86
		{63D1302B-67F4-4231-BA6C-0BA6D210D94B}.Release|Any CPU.ActiveCfg = Release|x86
		{63D1302B-67F4-4231-BA6C-0BA6D210D94B}.Release|ARM.ActiveCfg = Release|ARM
		{63D1302B-67F4-4231-BA6C-0BA6D210D94B}.Release|ARM.Build.0 = Release|ARM
		{63D1302B-67F4-4231-BA6C-0BA6D210D94B}.Release|ARM.Deploy.0 = Release|ARM
		{63D1302B-67F4-4231-BA6C-0BA6D210D94B}.Release|iPhone.ActiveCfg = Release|x86
		{63D1302B-67F4-4231-BA6C-0BA6D210D94B}.Release|iPhoneSimulator.ActiveCfg = Release|x86
		{63D1302B-67F4-4231-BA6C-0BA6D210D94B}.Release|x64.ActiveCfg = Release|x64
		{63D1302B-67F4-4231-BA6C-0BA6D210D94B}.Release|x64.Build.0 = Release|x64
		{63D1302B-67F4-4231-BA6C-0BA6D210D94B}.Release|x64.Deploy.0 = Release|x64
		{63D1302B-67F4-4231-BA6C-0BA6D210D94B}.Release|x86.ActiveCfg = Release|x86
		{63D1302B-67F4-4231-BA6C-0BA6D210D94B}.Release|x86.Build.0 = Release|x86
		{63D1302B-67F4-4231-BA6C-0BA6D210D94B}.Release|x86.Deploy.0 = Release|x86
		{90C48CD2-AABA-40D7-8784-FA58CD1C4A39}.Ad-Hoc|Any CPU.ActiveCfg = Debug|Any CPU
		{90C48CD2-AABA-40D7-8784-FA58CD1C4A39}.Ad-Hoc|Any CPU.Build.0 = Debug|Any CPU
		{90C48CD2-AABA-40D7-8784-FA58CD1C4A39}.Ad-Hoc|ARM.ActiveCfg = Debug|Any CPU
		{90C48CD2-AABA-40D7-8784-FA58CD1C4A39}.Ad-Hoc|ARM.Build.0 = Debug|Any CPU
		{90C48CD2-AABA-40D7-8784-FA58CD1C4A39}.Ad-Hoc|iPhone.ActiveCfg = Debug|Any CPU
		{90C48CD2-AABA-40D7-8784-FA58CD1C4A39}.Ad-Hoc|iPhone.Build.0 = Debug|Any CPU
		{90C48CD2-AABA-40D7-8784-FA58CD1C4A39}.Ad-Hoc|iPhoneSimulator.ActiveCfg = Debug|Any CPU
		{90C48CD2-AABA-40D7-8784-FA58CD1C4A39}.Ad-Hoc|iPhoneSimulator.Build.0 = Debug|Any CPU
		{90C48CD2-AABA-40D7-8784-FA58CD1C4A39}.Ad-Hoc|x64.ActiveCfg = Debug|Any CPU
		{90C48CD2-AABA-40D7-8784-FA58CD1C4A39}.Ad-Hoc|x64.Build.0 = Debug|Any CPU
		{90C48CD2-AABA-40D7-8784-FA58CD1C4A39}.Ad-Hoc|x86.ActiveCfg = Debug|Any CPU
		{90C48CD2-AABA-40D7-8784-FA58CD1C4A39}.Ad-Hoc|x86.Build.0 = Debug|Any CPU
		{90C48CD2-AABA-40D7-8784-FA58CD1C4A39}.AppStore|Any CPU.ActiveCfg = Debug|Any CPU
		{90C48CD2-AABA-40D7-8784-FA58CD1C4A39}.AppStore|Any CPU.Build.0 = Debug|Any CPU
		{90C48CD2-AABA-40D7-8784-FA58CD1C4A39}.AppStore|ARM.ActiveCfg = Debug|Any CPU
		{90C48CD2-AABA-40D7-8784-FA58CD1C4A39}.AppStore|ARM.Build.0 = Debug|Any CPU
		{90C48CD2-AABA-40D7-8784-FA58CD1C4A39}.AppStore|iPhone.ActiveCfg = Debug|Any CPU
		{90C48CD2-AABA-40D7-8784-FA58CD1C4A39}.AppStore|iPhone.Build.0 = Debug|Any CPU
		{90C48CD2-AABA-40D7-8784-FA58CD1C4A39}.AppStore|iPhoneSimulator.ActiveCfg = Debug|Any CPU
		{90C48CD2-AABA-40D7-8784-FA58CD1C4A39}.AppStore|iPhoneSimulator.Build.0 = Debug|Any CPU
		{90C48CD2-AABA-40D7-8784-FA58CD1C4A39}.AppStore|x64.ActiveCfg = Debug|Any CPU
		{90C48CD2-AABA-40D7-8784-FA58CD1C4A39}.AppStore|x64.Build.0 = Debug|Any CPU
		{90C48CD2-AABA-40D7-8784-FA58CD1C4A39}.AppStore|x86.ActiveCfg = Debug|Any CPU
		{90C48CD2-AABA-40D7-8784-FA58CD1C4A39}.AppStore|x86.Build.0 = Debug|Any CPU
		{90C48CD2-AABA-40D7-8784-FA58CD1C4A39}.Debug|Any CPU.ActiveCfg = Debug|Any CPU
		{90C48CD2-AABA-40D7-8784-FA58CD1C4A39}.Debug|Any CPU.Build.0 = Debug|Any CPU
		{90C48CD2-AABA-40D7-8784-FA58CD1C4A39}.Debug|ARM.ActiveCfg = Debug|Any CPU
		{90C48CD2-AABA-40D7-8784-FA58CD1C4A39}.Debug|ARM.Build.0 = Debug|Any CPU
		{90C48CD2-AABA-40D7-8784-FA58CD1C4A39}.Debug|iPhone.ActiveCfg = Debug|Any CPU
		{90C48CD2-AABA-40D7-8784-FA58CD1C4A39}.Debug|iPhone.Build.0 = Debug|Any CPU
		{90C48CD2-AABA-40D7-8784-FA58CD1C4A39}.Debug|iPhoneSimulator.ActiveCfg = Debug|Any CPU
		{90C48CD2-AABA-40D7-8784-FA58CD1C4A39}.Debug|iPhoneSimulator.Build.0 = Debug|Any CPU
		{90C48CD2-AABA-40D7-8784-FA58CD1C4A39}.Debug|x64.ActiveCfg = Debug|Any CPU
		{90C48CD2-AABA-40D7-8784-FA58CD1C4A39}.Debug|x64.Build.0 = Debug|Any CPU
		{90C48CD2-AABA-40D7-8784-FA58CD1C4A39}.Debug|x86.ActiveCfg = Debug|Any CPU
		{90C48CD2-AABA-40D7-8784-FA58CD1C4A39}.Debug|x86.Build.0 = Debug|Any CPU
		{90C48CD2-AABA-40D7-8784-FA58CD1C4A39}.Release|Any CPU.ActiveCfg = Release|Any CPU
		{90C48CD2-AABA-40D7-8784-FA58CD1C4A39}.Release|Any CPU.Build.0 = Release|Any CPU
		{90C48CD2-AABA-40D7-8784-FA58CD1C4A39}.Release|ARM.ActiveCfg = Release|Any CPU
		{90C48CD2-AABA-40D7-8784-FA58CD1C4A39}.Release|ARM.Build.0 = Release|Any CPU
		{90C48CD2-AABA-40D7-8784-FA58CD1C4A39}.Release|iPhone.ActiveCfg = Release|Any CPU
		{90C48CD2-AABA-40D7-8784-FA58CD1C4A39}.Release|iPhone.Build.0 = Release|Any CPU
		{90C48CD2-AABA-40D7-8784-FA58CD1C4A39}.Release|iPhoneSimulator.ActiveCfg = Release|Any CPU
		{90C48CD2-AABA-40D7-8784-FA58CD1C4A39}.Release|iPhoneSimulator.Build.0 = Release|Any CPU
		{90C48CD2-AABA-40D7-8784-FA58CD1C4A39}.Release|x64.ActiveCfg = Release|Any CPU
		{90C48CD2-AABA-40D7-8784-FA58CD1C4A39}.Release|x64.Build.0 = Release|Any CPU
		{90C48CD2-AABA-40D7-8784-FA58CD1C4A39}.Release|x86.ActiveCfg = Release|Any CPU
		{90C48CD2-AABA-40D7-8784-FA58CD1C4A39}.Release|x86.Build.0 = Release|Any CPU
	EndGlobalSection
	GlobalSection(SolutionProperties) = preSolution
		HideSolutionNode = FALSE
	EndGlobalSection
	GlobalSection(NestedProjects) = preSolution
		{47C6CB72-B2CF-4EA3-9D4A-5604FF35BE7D} = {A37E7227-0968-4DA5-9EA8-13EE04FF810F}
		{63D1302B-67F4-4231-BA6C-0BA6D210D94B} = {A37E7227-0968-4DA5-9EA8-13EE04FF810F}
		{90C48CD2-AABA-40D7-8784-FA58CD1C4A39} = {A37E7227-0968-4DA5-9EA8-13EE04FF810F}
	EndGlobalSection
	GlobalSection(ExtensibilityGlobals) = postSolution
		SolutionGuid = {E4889C50-251E-4EA9-926B-2ADC862F5FA5}
	EndGlobalSection
EndGlobal
