
Microsoft Visual Studio Solution File, Format Version 12.00
# Visual Studio 15
VisualStudioVersion = 15.0.28307.489
MinimumVisualStudioVersion = 10.0.40219.1
Project("{FAE04EC0-301F-11D3-BF4B-00C04F79EFBC}") = "Tmpl.PrismApp.Droid", "Tmpl.PrismApp.Droid\Tmpl.PrismApp.Droid.csproj", "{24CE3C36-16B9-426D-AA0C-5961ECF8D88C}"
EndProject
Project("{FAE04EC0-301F-11D3-BF4B-00C04F79EFBC}") = "Tmpl.PrismApp.UWP", "Tmpl.PrismApp.UWP\Tmpl.PrismApp.UWP.csproj", "{CCD2197B-45FC-48E9-927F-F07296344701}"
EndProject
Project("{9A19103F-16F7-4668-BE54-9A1E7A4F7556}") = "Tmpl.PrismApp.Client", "Tmpl.PrismApp.Client\Tmpl.PrismApp.Client.csproj", "{D1AEDADE-0B96-4B0C-A74A-DBC742185B04}"
EndProject
Project("{2150E333-8FDC-42A3-9474-1A3956D46DE8}") = "Targets", "Targets", "{E646C95D-2152-418B-90B9-710822FE4A76}"
EndProject
Project("{FAE04EC0-301F-11D3-BF4B-00C04F79EFBC}") = "Tmpl.PrismApp.WPF", "Tmpl.PrismApp.Wpf\Tmpl.PrismApp.WPF.csproj", "{A3853E13-E92E-4F12-BF02-10DDAEEE7550}"
EndProject
Project("{FAE04EC0-301F-11D3-BF4B-00C04F79EFBC}") = "Tmpl.PrismApp.iOS", "Tmpl.PrismApp.iOS\Tmpl.PrismApp.iOS.csproj", "{8EABFFE2-A144-4E31-A523-3EFDC738EA35}"
EndProject
Global
	GlobalSection(SolutionConfigurationPlatforms) = preSolution
		Debug|Any CPU = Debug|Any CPU
		Debug|ARM = Debug|ARM
		Debug|iPhone = Debug|iPhone
		Debug|iPhoneSimulator = Debug|iPhoneSimulator
		Debug|x64 = Debug|x64
		Debug|x86 = Debug|x86
		Release|Any CPU = Release|Any CPU
		Release|ARM = Release|ARM
		Release|iPhone = Release|iPhone
		Release|iPhoneSimulator = Release|iPhoneSimulator
		Release|x64 = Release|x64
		Release|x86 = Release|x86
	EndGlobalSection
	GlobalSection(ProjectConfigurationPlatforms) = postSolution
		{24CE3C36-16B9-426D-AA0C-5961ECF8D88C}.Debug|Any CPU.ActiveCfg = Debug|Any CPU
		{24CE3C36-16B9-426D-AA0C-5961ECF8D88C}.Debug|Any CPU.Build.0 = Debug|Any CPU
		{24CE3C36-16B9-426D-AA0C-5961ECF8D88C}.Debug|Any CPU.Deploy.0 = Debug|Any CPU
		{24CE3C36-16B9-426D-AA0C-5961ECF8D88C}.Debug|ARM.ActiveCfg = Debug|Any CPU
		{24CE3C36-16B9-426D-AA0C-5961ECF8D88C}.Debug|ARM.Build.0 = Debug|Any CPU
		{24CE3C36-16B9-426D-AA0C-5961ECF8D88C}.Debug|ARM.Deploy.0 = Debug|Any CPU
		{24CE3C36-16B9-426D-AA0C-5961ECF8D88C}.Debug|iPhone.ActiveCfg = Debug|Any CPU
		{24CE3C36-16B9-426D-AA0C-5961ECF8D88C}.Debug|iPhone.Build.0 = Debug|Any CPU
		{24CE3C36-16B9-426D-AA0C-5961ECF8D88C}.Debug|iPhone.Deploy.0 = Debug|Any CPU
		{24CE3C36-16B9-426D-AA0C-5961ECF8D88C}.Debug|iPhoneSimulator.ActiveCfg = Debug|Any CPU
		{24CE3C36-16B9-426D-AA0C-5961ECF8D88C}.Debug|iPhoneSimulator.Build.0 = Debug|Any CPU
		{24CE3C36-16B9-426D-AA0C-5961ECF8D88C}.Debug|iPhoneSimulator.Deploy.0 = Debug|Any CPU
		{24CE3C36-16B9-426D-AA0C-5961ECF8D88C}.Debug|x64.ActiveCfg = Debug|Any CPU
		{24CE3C36-16B9-426D-AA0C-5961ECF8D88C}.Debug|x64.Build.0 = Debug|Any CPU
		{24CE3C36-16B9-426D-AA0C-5961ECF8D88C}.Debug|x64.Deploy.0 = Debug|Any CPU
		{24CE3C36-16B9-426D-AA0C-5961ECF8D88C}.Debug|x86.ActiveCfg = Debug|Any CPU
		{24CE3C36-16B9-426D-AA0C-5961ECF8D88C}.Debug|x86.Build.0 = Debug|Any CPU
		{24CE3C36-16B9-426D-AA0C-5961ECF8D88C}.Debug|x86.Deploy.0 = Debug|Any CPU
		{24CE3C36-16B9-426D-AA0C-5961ECF8D88C}.Release|Any CPU.ActiveCfg = Release|Any CPU
		{24CE3C36-16B9-426D-AA0C-5961ECF8D88C}.Release|Any CPU.Build.0 = Release|Any CPU
		{24CE3C36-16B9-426D-AA0C-5961ECF8D88C}.Release|Any CPU.Deploy.0 = Release|Any CPU
		{24CE3C36-16B9-426D-AA0C-5961ECF8D88C}.Release|ARM.ActiveCfg = Release|Any CPU
		{24CE3C36-16B9-426D-AA0C-5961ECF8D88C}.Release|ARM.Build.0 = Release|Any CPU
		{24CE3C36-16B9-426D-AA0C-5961ECF8D88C}.Release|ARM.Deploy.0 = Release|Any CPU
		{24CE3C36-16B9-426D-AA0C-5961ECF8D88C}.Release|iPhone.ActiveCfg = Release|Any CPU
		{24CE3C36-16B9-426D-AA0C-5961ECF8D88C}.Release|iPhone.Build.0 = Release|Any CPU
		{24CE3C36-16B9-426D-AA0C-5961ECF8D88C}.Release|iPhone.Deploy.0 = Release|Any CPU
		{24CE3C36-16B9-426D-AA0C-5961ECF8D88C}.Release|iPhoneSimulator.ActiveCfg = Release|Any CPU
		{24CE3C36-16B9-426D-AA0C-5961ECF8D88C}.Release|iPhoneSimulator.Build.0 = Release|Any CPU
		{24CE3C36-16B9-426D-AA0C-5961ECF8D88C}.Release|iPhoneSimulator.Deploy.0 = Release|Any CPU
		{24CE3C36-16B9-426D-AA0C-5961ECF8D88C}.Release|x64.ActiveCfg = Release|Any CPU
		{24CE3C36-16B9-426D-AA0C-5961ECF8D88C}.Release|x64.Build.0 = Release|Any CPU
		{24CE3C36-16B9-426D-AA0C-5961ECF8D88C}.Release|x64.Deploy.0 = Release|Any CPU
		{24CE3C36-16B9-426D-AA0C-5961ECF8D88C}.Release|x86.ActiveCfg = Release|Any CPU
		{24CE3C36-16B9-426D-AA0C-5961ECF8D88C}.Release|x86.Build.0 = Release|Any CPU
		{24CE3C36-16B9-426D-AA0C-5961ECF8D88C}.Release|x86.Deploy.0 = Release|Any CPU
		{CCD2197B-45FC-48E9-927F-F07296344701}.Debug|Any CPU.ActiveCfg = Debug|x86
		{CCD2197B-45FC-48E9-927F-F07296344701}.Debug|Any CPU.Build.0 = Debug|x86
		{CCD2197B-45FC-48E9-927F-F07296344701}.Debug|Any CPU.Deploy.0 = Debug|x86
		{CCD2197B-45FC-48E9-927F-F07296344701}.Debug|ARM.ActiveCfg = Debug|ARM
		{CCD2197B-45FC-48E9-927F-F07296344701}.Debug|ARM.Build.0 = Debug|ARM
		{CCD2197B-45FC-48E9-927F-F07296344701}.Debug|ARM.Deploy.0 = Debug|ARM
		{CCD2197B-45FC-48E9-927F-F07296344701}.Debug|iPhone.ActiveCfg = Debug|x86
		{CCD2197B-45FC-48E9-927F-F07296344701}.Debug|iPhone.Build.0 = Debug|x86
		{CCD2197B-45FC-48E9-927F-F07296344701}.Debug|iPhone.Deploy.0 = Debug|x86
		{CCD2197B-45FC-48E9-927F-F07296344701}.Debug|iPhoneSimulator.ActiveCfg = Debug|x86
		{CCD2197B-45FC-48E9-927F-F07296344701}.Debug|iPhoneSimulator.Build.0 = Debug|x86
		{CCD2197B-45FC-48E9-927F-F07296344701}.Debug|iPhoneSimulator.Deploy.0 = Debug|x86
		{CCD2197B-45FC-48E9-927F-F07296344701}.Debug|x64.ActiveCfg = Debug|x64
		{CCD2197B-45FC-48E9-927F-F07296344701}.Debug|x64.Build.0 = Debug|x64
		{CCD2197B-45FC-48E9-927F-F07296344701}.Debug|x64.Deploy.0 = Debug|x64
		{CCD2197B-45FC-48E9-927F-F07296344701}.Debug|x86.ActiveCfg = Debug|x86
		{CCD2197B-45FC-48E9-927F-F07296344701}.Debug|x86.Build.0 = Debug|x86
		{CCD2197B-45FC-48E9-927F-F07296344701}.Debug|x86.Deploy.0 = Debug|x86
		{CCD2197B-45FC-48E9-927F-F07296344701}.Release|Any CPU.ActiveCfg = Release|x86
		{CCD2197B-45FC-48E9-927F-F07296344701}.Release|Any CPU.Build.0 = Release|x86
		{CCD2197B-45FC-48E9-927F-F07296344701}.Release|Any CPU.Deploy.0 = Release|x86
		{CCD2197B-45FC-48E9-927F-F07296344701}.Release|ARM.ActiveCfg = Release|ARM
		{CCD2197B-45FC-48E9-927F-F07296344701}.Release|ARM.Build.0 = Release|ARM
		{CCD2197B-45FC-48E9-927F-F07296344701}.Release|ARM.Deploy.0 = Release|ARM
		{CCD2197B-45FC-48E9-927F-F07296344701}.Release|iPhone.ActiveCfg = Release|x86
		{CCD2197B-45FC-48E9-927F-F07296344701}.Release|iPhone.Build.0 = Release|x86
		{CCD2197B-45FC-48E9-927F-F07296344701}.Release|iPhone.Deploy.0 = Release|x86
		{CCD2197B-45FC-48E9-927F-F07296344701}.Release|iPhoneSimulator.ActiveCfg = Release|x86
		{CCD2197B-45FC-48E9-927F-F07296344701}.Release|iPhoneSimulator.Build.0 = Release|x86
		{CCD2197B-45FC-48E9-927F-F07296344701}.Release|iPhoneSimulator.Deploy.0 = Release|x86
		{CCD2197B-45FC-48E9-927F-F07296344701}.Release|x64.ActiveCfg = Release|x64
		{CCD2197B-45FC-48E9-927F-F07296344701}.Release|x64.Build.0 = Release|x64
		{CCD2197B-45FC-48E9-927F-F07296344701}.Release|x64.Deploy.0 = Release|x64
		{CCD2197B-45FC-48E9-927F-F07296344701}.Release|x86.ActiveCfg = Release|x86
		{CCD2197B-45FC-48E9-927F-F07296344701}.Release|x86.Build.0 = Release|x86
		{CCD2197B-45FC-48E9-927F-F07296344701}.Release|x86.Deploy.0 = Release|x86
		{D1AEDADE-0B96-4B0C-A74A-DBC742185B04}.Debug|Any CPU.ActiveCfg = Debug|Any CPU
		{D1AEDADE-0B96-4B0C-A74A-DBC742185B04}.Debug|Any CPU.Build.0 = Debug|Any CPU
		{D1AEDADE-0B96-4B0C-A74A-DBC742185B04}.Debug|Any CPU.Deploy.0 = Debug|Any CPU
		{D1AEDADE-0B96-4B0C-A74A-DBC742185B04}.Debug|ARM.ActiveCfg = Debug|Any CPU
		{D1AEDADE-0B96-4B0C-A74A-DBC742185B04}.Debug|ARM.Build.0 = Debug|Any CPU
		{D1AEDADE-0B96-4B0C-A74A-DBC742185B04}.Debug|ARM.Deploy.0 = Debug|Any CPU
		{D1AEDADE-0B96-4B0C-A74A-DBC742185B04}.Debug|iPhone.ActiveCfg = Debug|Any CPU
		{D1AEDADE-0B96-4B0C-A74A-DBC742185B04}.Debug|iPhone.Build.0 = Debug|Any CPU
		{D1AEDADE-0B96-4B0C-A74A-DBC742185B04}.Debug|iPhone.Deploy.0 = Debug|Any CPU
		{D1AEDADE-0B96-4B0C-A74A-DBC742185B04}.Debug|iPhoneSimulator.ActiveCfg = Debug|Any CPU
		{D1AEDADE-0B96-4B0C-A74A-DBC742185B04}.Debug|iPhoneSimulator.Build.0 = Debug|Any CPU
		{D1AEDADE-0B96-4B0C-A74A-DBC742185B04}.Debug|iPhoneSimulator.Deploy.0 = Debug|Any CPU
		{D1AEDADE-0B96-4B0C-A74A-DBC742185B04}.Debug|x64.ActiveCfg = Debug|Any CPU
		{D1AEDADE-0B96-4B0C-A74A-DBC742185B04}.Debug|x64.Build.0 = Debug|Any CPU
		{D1AEDADE-0B96-4B0C-A74A-DBC742185B04}.Debug|x64.Deploy.0 = Debug|Any CPU
		{D1AEDADE-0B96-4B0C-A74A-DBC742185B04}.Debug|x86.ActiveCfg = Debug|Any CPU
		{D1AEDADE-0B96-4B0C-A74A-DBC742185B04}.Debug|x86.Build.0 = Debug|Any CPU
		{D1AEDADE-0B96-4B0C-A74A-DBC742185B04}.Debug|x86.Deploy.0 = Debug|Any CPU
		{D1AEDADE-0B96-4B0C-A74A-DBC742185B04}.Release|Any CPU.ActiveCfg = Release|Any CPU
		{D1AEDADE-0B96-4B0C-A74A-DBC742185B04}.Release|Any CPU.Build.0 = Release|Any CPU
		{D1AEDADE-0B96-4B0C-A74A-DBC742185B04}.Release|Any CPU.Deploy.0 = Release|Any CPU
		{D1AEDADE-0B96-4B0C-A74A-DBC742185B04}.Release|ARM.ActiveCfg = Release|Any CPU
		{D1AEDADE-0B96-4B0C-A74A-DBC742185B04}.Release|ARM.Build.0 = Release|Any CPU
		{D1AEDADE-0B96-4B0C-A74A-DBC742185B04}.Release|ARM.Deploy.0 = Release|Any CPU
		{D1AEDADE-0B96-4B0C-A74A-DBC742185B04}.Release|iPhone.ActiveCfg = Release|Any CPU
		{D1AEDADE-0B96-4B0C-A74A-DBC742185B04}.Release|iPhone.Build.0 = Release|Any CPU
		{D1AEDADE-0B96-4B0C-A74A-DBC742185B04}.Release|iPhone.Deploy.0 = Release|Any CPU
		{D1AEDADE-0B96-4B0C-A74A-DBC742185B04}.Release|iPhoneSimulator.ActiveCfg = Release|Any CPU
		{D1AEDADE-0B96-4B0C-A74A-DBC742185B04}.Release|iPhoneSimulator.Build.0 = Release|Any CPU
		{D1AEDADE-0B96-4B0C-A74A-DBC742185B04}.Release|iPhoneSimulator.Deploy.0 = Release|Any CPU
		{D1AEDADE-0B96-4B0C-A74A-DBC742185B04}.Release|x64.ActiveCfg = Release|Any CPU
		{D1AEDADE-0B96-4B0C-A74A-DBC742185B04}.Release|x64.Build.0 = Release|Any CPU
		{D1AEDADE-0B96-4B0C-A74A-DBC742185B04}.Release|x64.Deploy.0 = Release|Any CPU
		{D1AEDADE-0B96-4B0C-A74A-DBC742185B04}.Release|x86.ActiveCfg = Release|Any CPU
		{D1AEDADE-0B96-4B0C-A74A-DBC742185B04}.Release|x86.Build.0 = Release|Any CPU
		{D1AEDADE-0B96-4B0C-A74A-DBC742185B04}.Release|x86.Deploy.0 = Release|Any CPU
		{A3853E13-E92E-4F12-BF02-10DDAEEE7550}.Debug|Any CPU.ActiveCfg = Debug|Any CPU
		{A3853E13-E92E-4F12-BF02-10DDAEEE7550}.Debug|Any CPU.Build.0 = Debug|Any CPU
		{A3853E13-E92E-4F12-BF02-10DDAEEE7550}.Debug|ARM.ActiveCfg = Debug|Any CPU
		{A3853E13-E92E-4F12-BF02-10DDAEEE7550}.Debug|ARM.Build.0 = Debug|Any CPU
		{A3853E13-E92E-4F12-BF02-10DDAEEE7550}.Debug|iPhone.ActiveCfg = Debug|Any CPU
		{A3853E13-E92E-4F12-BF02-10DDAEEE7550}.Debug|iPhone.Build.0 = Debug|Any CPU
		{A3853E13-E92E-4F12-BF02-10DDAEEE7550}.Debug|iPhoneSimulator.ActiveCfg = Debug|Any CPU
		{A3853E13-E92E-4F12-BF02-10DDAEEE7550}.Debug|iPhoneSimulator.Build.0 = Debug|Any CPU
		{A3853E13-E92E-4F12-BF02-10DDAEEE7550}.Debug|x64.ActiveCfg = Debug|Any CPU
		{A3853E13-E92E-4F12-BF02-10DDAEEE7550}.Debug|x64.Build.0 = Debug|Any CPU
		{A3853E13-E92E-4F12-BF02-10DDAEEE7550}.Debug|x86.ActiveCfg = Debug|Any CPU
		{A3853E13-E92E-4F12-BF02-10DDAEEE7550}.Debug|x86.Build.0 = Debug|Any CPU
		{A3853E13-E92E-4F12-BF02-10DDAEEE7550}.Release|Any CPU.ActiveCfg = Release|Any CPU
		{A3853E13-E92E-4F12-BF02-10DDAEEE7550}.Release|Any CPU.Build.0 = Release|Any CPU
		{A3853E13-E92E-4F12-BF02-10DDAEEE7550}.Release|ARM.ActiveCfg = Release|Any CPU
		{A3853E13-E92E-4F12-BF02-10DDAEEE7550}.Release|ARM.Build.0 = Release|Any CPU
		{A3853E13-E92E-4F12-BF02-10DDAEEE7550}.Release|iPhone.ActiveCfg = Release|Any CPU
		{A3853E13-E92E-4F12-BF02-10DDAEEE7550}.Release|iPhone.Build.0 = Release|Any CPU
		{A3853E13-E92E-4F12-BF02-10DDAEEE7550}.Release|iPhoneSimulator.ActiveCfg = Release|Any CPU
		{A3853E13-E92E-4F12-BF02-10DDAEEE7550}.Release|iPhoneSimulator.Build.0 = Release|Any CPU
		{A3853E13-E92E-4F12-BF02-10DDAEEE7550}.Release|x64.ActiveCfg = Release|Any CPU
		{A3853E13-E92E-4F12-BF02-10DDAEEE7550}.Release|x64.Build.0 = Release|Any CPU
		{A3853E13-E92E-4F12-BF02-10DDAEEE7550}.Release|x86.ActiveCfg = Release|Any CPU
		{A3853E13-E92E-4F12-BF02-10DDAEEE7550}.Release|x86.Build.0 = Release|Any CPU
		{8EABFFE2-A144-4E31-A523-3EFDC738EA35}.Debug|Any CPU.ActiveCfg = Debug|iPhone
		{8EABFFE2-A144-4E31-A523-3EFDC738EA35}.Debug|ARM.ActiveCfg = Debug|iPhone
		{8EABFFE2-A144-4E31-A523-3EFDC738EA35}.Debug|iPhone.ActiveCfg = Debug|iPhone
		{8EABFFE2-A144-4E31-A523-3EFDC738EA35}.Debug|iPhone.Build.0 = Debug|iPhone
		{8EABFFE2-A144-4E31-A523-3EFDC738EA35}.Debug|iPhoneSimulator.ActiveCfg = Debug|iPhoneSimulator
		{8EABFFE2-A144-4E31-A523-3EFDC738EA35}.Debug|iPhoneSimulator.Build.0 = Debug|iPhoneSimulator
		{8EABFFE2-A144-4E31-A523-3EFDC738EA35}.Debug|x64.ActiveCfg = Debug|iPhone
		{8EABFFE2-A144-4E31-A523-3EFDC738EA35}.Debug|x86.ActiveCfg = Debug|iPhone
		{8EABFFE2-A144-4E31-A523-3EFDC738EA35}.Release|Any CPU.ActiveCfg = Release|iPhone
		{8EABFFE2-A144-4E31-A523-3EFDC738EA35}.Release|ARM.ActiveCfg = Release|iPhone
		{8EABFFE2-A144-4E31-A523-3EFDC738EA35}.Release|iPhone.ActiveCfg = Release|iPhone
		{8EABFFE2-A144-4E31-A523-3EFDC738EA35}.Release|iPhone.Build.0 = Release|iPhone
		{8EABFFE2-A144-4E31-A523-3EFDC738EA35}.Release|iPhoneSimulator.ActiveCfg = Release|iPhoneSimulator
		{8EABFFE2-A144-4E31-A523-3EFDC738EA35}.Release|iPhoneSimulator.Build.0 = Release|iPhoneSimulator
		{8EABFFE2-A144-4E31-A523-3EFDC738EA35}.Release|x64.ActiveCfg = Release|iPhone
		{8EABFFE2-A144-4E31-A523-3EFDC738EA35}.Release|x86.ActiveCfg = Release|iPhone
	EndGlobalSection
	GlobalSection(SolutionProperties) = preSolution
		HideSolutionNode = FALSE
	EndGlobalSection
	GlobalSection(NestedProjects) = preSolution
		{24CE3C36-16B9-426D-AA0C-5961ECF8D88C} = {E646C95D-2152-418B-90B9-710822FE4A76}
		{CCD2197B-45FC-48E9-927F-F07296344701} = {E646C95D-2152-418B-90B9-710822FE4A76}
		{A3853E13-E92E-4F12-BF02-10DDAEEE7550} = {E646C95D-2152-418B-90B9-710822FE4A76}
		{8EABFFE2-A144-4E31-A523-3EFDC738EA35} = {E646C95D-2152-418B-90B9-710822FE4A76}
	EndGlobalSection
	GlobalSection(ExtensibilityGlobals) = postSolution
		SolutionGuid = {0769B45D-543C-4633-8F98-76E914AC3308}
	EndGlobalSection
EndGlobal
