
Microsoft Visual Studio Solution File, Format Version 12.00
# Visual Studio Version 16
VisualStudioVersion = 16.0.31727.386
MinimumVisualStudioVersion = 10.0.40219.1
Project("{FAE04EC0-301F-11D3-BF4B-00C04F79EFBC}") = "Sample.PrismApp", "Sample.PrismApp\Sample.PrismApp.csproj", "{2DA5E0D8-2B88-4F96-BCD3-1879F6B44086}"
EndProject
Project("{2150E333-8FDC-42A3-9474-1A3956D46DE8}") = "Solution Items", "Solution Items", "{45713DE0-688C-48E5-97C8-7A952CE10D72}"
	ProjectSection(SolutionItems) = preProject
		.editorconfig = .editorconfig
	EndProjectSection
EndProject
Global
	GlobalSection(SolutionConfigurationPlatforms) = preSolution
		Debug|Any CPU = Debug|Any CPU
		Release|Any CPU = Release|Any CPU
	EndGlobalSection
	GlobalSection(ProjectConfigurationPlatforms) = postSolution
		{2DA5E0D8-2B88-4F96-BCD3-1879F6B44086}.Debug|Any CPU.ActiveCfg = Debug|Any CPU
		{2DA5E0D8-2B88-4F96-BCD3-1879F6B44086}.Debug|Any CPU.Build.0 = Debug|Any CPU
		{2DA5E0D8-2B88-4F96-BCD3-1879F6B44086}.Release|Any CPU.ActiveCfg = Release|Any CPU
		{2DA5E0D8-2B88-4F96-BCD3-1879F6B44086}.Release|Any CPU.Build.0 = Release|Any CPU
	EndGlobalSection
	GlobalSection(SolutionProperties) = preSolution
		HideSolutionNode = FALSE
	EndGlobalSection
	GlobalSection(ExtensibilityGlobals) = postSolution
		SolutionGuid = {5E9842CB-E55D-4967-A509-99AC10FD35F9}
	EndGlobalSection
EndGlobal
