
Microsoft Visual Studio Solution File, Format Version 12.00
# Visual Studio Version 16
VisualStudioVersion = 16.0.32126.315
MinimumVisualStudioVersion = 10.0.40219.1
Project("{FAE04EC0-301F-11D3-BF4B-00C04F79EFBC}") = "SampleShinyCore", "Xamarin-Ex11-ShinyCore\SampleShinyCore.Client\SampleShinyCore.Client.csproj", "{B4695392-249B-49B8-A637-2B6967F4F8EA}"
EndProject
Project("{FAE04EC0-301F-11D3-BF4B-00C04F79EFBC}") = "SampleShinyCore.Android", "Xamarin-Ex11-ShinyCore\SampleShinyCore.Android\SampleShinyCore.Android.csproj", "{CA6C7A58-7231-4E10-8DD4-6FA6FABCB064}"
EndProject
Project("{FAE04EC0-301F-11D3-BF4B-00C04F79EFBC}") = "SampleShinyCore.iOS", "Xamarin-Ex11-ShinyCore\SampleShinyCore.iOS\SampleShinyCore.iOS.csproj", "{0C6F8018-D25C-4A0A-9E11-BD0B79FA8E0D}"
EndProject
Project("{FAE04EC0-301F-11D3-BF4B-00C04F79EFBC}") = "SampleShinyCore.UWP", "Xamarin-Ex11-ShinyCore\SampleShinyCore.UWP\SampleShinyCore.UWP.csproj", "{56AB9DBC-BCDB-4271-AA8D-C0BF939B17F6}"
EndProject
Project("{2150E333-8FDC-42A3-9474-1A3956D46DE8}") = "Platforms", "Platforms", "{DF90767E-DEDB-4C19-B1E9-0BAC4A29C08A}"
EndProject
Global
	GlobalSection(SolutionConfigurationPlatforms) = preSolution
		Ad-Hoc|Any CPU = Ad-Hoc|Any CPU
		Ad-Hoc|ARM = Ad-Hoc|ARM
		Ad-Hoc|iPhone = Ad-Hoc|iPhone
		Ad-Hoc|iPhoneSimulator = Ad-Hoc|iPhoneSimulator
		Ad-Hoc|x64 = Ad-Hoc|x64
		Ad-Hoc|x86 = Ad-Hoc|x86
		AppStore|Any CPU = AppStore|Any CPU
		AppStore|ARM = AppStore|ARM
		AppStore|iPhone = AppStore|iPhone
		AppStore|iPhoneSimulator = AppStore|iPhoneSimulator
		AppStore|x64 = AppStore|x64
		AppStore|x86 = AppStore|x86
		Debug|Any CPU = Debug|Any CPU
		Debug|ARM = Debug|ARM
		Debug|iPhone = Debug|iPhone
		Debug|iPhoneSimulator = Debug|iPhoneSimulator
		Debug|x64 = Debug|x64
		Debug|x86 = Debug|x86
		Release|Any CPU = Release|Any CPU
		Release|ARM = Release|ARM
		Release|iPhone = Release|iPhone
		Release|iPhoneSimulator = Release|iPhoneSimulator
		Release|x64 = Release|x64
		Release|x86 = Release|x86
	EndGlobalSection
	GlobalSection(ProjectConfigurationPlatforms) = postSolution
		{B4695392-249B-49B8-A637-2B6967F4F8EA}.Ad-Hoc|Any CPU.ActiveCfg = Debug|Any CPU
		{B4695392-249B-49B8-A637-2B6967F4F8EA}.Ad-Hoc|Any CPU.Build.0 = Debug|Any CPU
		{B4695392-249B-49B8-A637-2B6967F4F8EA}.Ad-Hoc|ARM.ActiveCfg = Debug|Any CPU
		{B4695392-249B-49B8-A637-2B6967F4F8EA}.Ad-Hoc|ARM.Build.0 = Debug|Any CPU
		{B4695392-249B-49B8-A637-2B6967F4F8EA}.Ad-Hoc|iPhone.ActiveCfg = Debug|Any CPU
		{B4695392-249B-49B8-A637-2B6967F4F8EA}.Ad-Hoc|iPhone.Build.0 = Debug|Any CPU
		{B4695392-249B-49B8-A637-2B6967F4F8EA}.Ad-Hoc|iPhoneSimulator.ActiveCfg = Debug|Any CPU
		{B4695392-249B-49B8-A637-2B6967F4F8EA}.Ad-Hoc|iPhoneSimulator.Build.0 = Debug|Any CPU
		{B4695392-249B-49B8-A637-2B6967F4F8EA}.Ad-Hoc|x64.ActiveCfg = Debug|Any CPU
		{B4695392-249B-49B8-A637-2B6967F4F8EA}.Ad-Hoc|x64.Build.0 = Debug|Any CPU
		{B4695392-249B-49B8-A637-2B6967F4F8EA}.Ad-Hoc|x86.ActiveCfg = Debug|Any CPU
		{B4695392-249B-49B8-A637-2B6967F4F8EA}.Ad-Hoc|x86.Build.0 = Debug|Any CPU
		{B4695392-249B-49B8-A637-2B6967F4F8EA}.AppStore|Any CPU.ActiveCfg = Debug|Any CPU
		{B4695392-249B-49B8-A637-2B6967F4F8EA}.AppStore|Any CPU.Build.0 = Debug|Any CPU
		{B4695392-249B-49B8-A637-2B6967F4F8EA}.AppStore|ARM.ActiveCfg = Debug|Any CPU
		{B4695392-249B-49B8-A637-2B6967F4F8EA}.AppStore|ARM.Build.0 = Debug|Any CPU
		{B4695392-249B-49B8-A637-2B6967F4F8EA}.AppStore|iPhone.ActiveCfg = Debug|Any CPU
		{B4695392-249B-49B8-A637-2B6967F4F8EA}.AppStore|iPhone.Build.0 = Debug|Any CPU
		{B4695392-249B-49B8-A637-2B6967F4F8EA}.AppStore|iPhoneSimulator.ActiveCfg = Debug|Any CPU
		{B4695392-249B-49B8-A637-2B6967F4F8EA}.AppStore|iPhoneSimulator.Build.0 = Debug|Any CPU
		{B4695392-249B-49B8-A637-2B6967F4F8EA}.AppStore|x64.ActiveCfg = Debug|Any CPU
		{B4695392-249B-49B8-A637-2B6967F4F8EA}.AppStore|x64.Build.0 = Debug|Any CPU
		{B4695392-249B-49B8-A637-2B6967F4F8EA}.AppStore|x86.ActiveCfg = Debug|Any CPU
		{B4695392-249B-49B8-A637-2B6967F4F8EA}.AppStore|x86.Build.0 = Debug|Any CPU
		{B4695392-249B-49B8-A637-2B6967F4F8EA}.Debug|Any CPU.ActiveCfg = Debug|Any CPU
		{B4695392-249B-49B8-A637-2B6967F4F8EA}.Debug|Any CPU.Build.0 = Debug|Any CPU
		{B4695392-249B-49B8-A637-2B6967F4F8EA}.Debug|ARM.ActiveCfg = Debug|Any CPU
		{B4695392-249B-49B8-A637-2B6967F4F8EA}.Debug|ARM.Build.0 = Debug|Any CPU
		{B4695392-249B-49B8-A637-2B6967F4F8EA}.Debug|iPhone.ActiveCfg = Debug|Any CPU
		{B4695392-249B-49B8-A637-2B6967F4F8EA}.Debug|iPhone.Build.0 = Debug|Any CPU
		{B4695392-249B-49B8-A637-2B6967F4F8EA}.Debug|iPhoneSimulator.ActiveCfg = Debug|Any CPU
		{B4695392-249B-49B8-A637-2B6967F4F8EA}.Debug|iPhoneSimulator.Build.0 = Debug|Any CPU
		{B4695392-249B-49B8-A637-2B6967F4F8EA}.Debug|x64.ActiveCfg = Debug|Any CPU
		{B4695392-249B-49B8-A637-2B6967F4F8EA}.Debug|x64.Build.0 = Debug|Any CPU
		{B4695392-249B-49B8-A637-2B6967F4F8EA}.Debug|x86.ActiveCfg = Debug|Any CPU
		{B4695392-249B-49B8-A637-2B6967F4F8EA}.Debug|x86.Build.0 = Debug|Any CPU
		{B4695392-249B-49B8-A637-2B6967F4F8EA}.Release|Any CPU.ActiveCfg = Release|Any CPU
		{B4695392-249B-49B8-A637-2B6967F4F8EA}.Release|Any CPU.Build.0 = Release|Any CPU
		{B4695392-249B-49B8-A637-2B6967F4F8EA}.Release|ARM.ActiveCfg = Release|Any CPU
		{B4695392-249B-49B8-A637-2B6967F4F8EA}.Release|ARM.Build.0 = Release|Any CPU
		{B4695392-249B-49B8-A637-2B6967F4F8EA}.Release|iPhone.ActiveCfg = Release|Any CPU
		{B4695392-249B-49B8-A637-2B6967F4F8EA}.Release|iPhone.Build.0 = Release|Any CPU
		{B4695392-249B-49B8-A637-2B6967F4F8EA}.Release|iPhoneSimulator.ActiveCfg = Release|Any CPU
		{B4695392-249B-49B8-A637-2B6967F4F8EA}.Release|iPhoneSimulator.Build.0 = Release|Any CPU
		{B4695392-249B-49B8-A637-2B6967F4F8EA}.Release|x64.ActiveCfg = Release|Any CPU
		{B4695392-249B-49B8-A637-2B6967F4F8EA}.Release|x64.Build.0 = Release|Any CPU
		{B4695392-249B-49B8-A637-2B6967F4F8EA}.Release|x86.ActiveCfg = Release|Any CPU
		{B4695392-249B-49B8-A637-2B6967F4F8EA}.Release|x86.Build.0 = Release|Any CPU
		{CA6C7A58-7231-4E10-8DD4-6FA6FABCB064}.Ad-Hoc|Any CPU.ActiveCfg = Debug|Any CPU
		{CA6C7A58-7231-4E10-8DD4-6FA6FABCB064}.Ad-Hoc|Any CPU.Build.0 = Debug|Any CPU
		{CA6C7A58-7231-4E10-8DD4-6FA6FABCB064}.Ad-Hoc|Any CPU.Deploy.0 = Debug|Any CPU
		{CA6C7A58-7231-4E10-8DD4-6FA6FABCB064}.Ad-Hoc|ARM.ActiveCfg = Debug|Any CPU
		{CA6C7A58-7231-4E10-8DD4-6FA6FABCB064}.Ad-Hoc|ARM.Build.0 = Debug|Any CPU
		{CA6C7A58-7231-4E10-8DD4-6FA6FABCB064}.Ad-Hoc|ARM.Deploy.0 = Debug|Any CPU
		{CA6C7A58-7231-4E10-8DD4-6FA6FABCB064}.Ad-Hoc|iPhone.ActiveCfg = Debug|Any CPU
		{CA6C7A58-7231-4E10-8DD4-6FA6FABCB064}.Ad-Hoc|iPhone.Build.0 = Debug|Any CPU
		{CA6C7A58-7231-4E10-8DD4-6FA6FABCB064}.Ad-Hoc|iPhone.Deploy.0 = Debug|Any CPU
		{CA6C7A58-7231-4E10-8DD4-6FA6FABCB064}.Ad-Hoc|iPhoneSimulator.ActiveCfg = Debug|Any CPU
		{CA6C7A58-7231-4E10-8DD4-6FA6FABCB064}.Ad-Hoc|iPhoneSimulator.Build.0 = Debug|Any CPU
		{CA6C7A58-7231-4E10-8DD4-6FA6FABCB064}.Ad-Hoc|iPhoneSimulator.Deploy.0 = Debug|Any CPU
		{CA6C7A58-7231-4E10-8DD4-6FA6FABCB064}.Ad-Hoc|x64.ActiveCfg = Debug|Any CPU
		{CA6C7A58-7231-4E10-8DD4-6FA6FABCB064}.Ad-Hoc|x64.Build.0 = Debug|Any CPU
		{CA6C7A58-7231-4E10-8DD4-6FA6FABCB064}.Ad-Hoc|x64.Deploy.0 = Debug|Any CPU
		{CA6C7A58-7231-4E10-8DD4-6FA6FABCB064}.Ad-Hoc|x86.ActiveCfg = Debug|Any CPU
		{CA6C7A58-7231-4E10-8DD4-6FA6FABCB064}.Ad-Hoc|x86.Build.0 = Debug|Any CPU
		{CA6C7A58-7231-4E10-8DD4-6FA6FABCB064}.Ad-Hoc|x86.Deploy.0 = Debug|Any CPU
		{CA6C7A58-7231-4E10-8DD4-6FA6FABCB064}.AppStore|Any CPU.ActiveCfg = Debug|Any CPU
		{CA6C7A58-7231-4E10-8DD4-6FA6FABCB064}.AppStore|Any CPU.Build.0 = Debug|Any CPU
		{CA6C7A58-7231-4E10-8DD4-6FA6FABCB064}.AppStore|Any CPU.Deploy.0 = Debug|Any CPU
		{CA6C7A58-7231-4E10-8DD4-6FA6FABCB064}.AppStore|ARM.ActiveCfg = Debug|Any CPU
		{CA6C7A58-7231-4E10-8DD4-6FA6FABCB064}.AppStore|ARM.Build.0 = Debug|Any CPU
		{CA6C7A58-7231-4E10-8DD4-6FA6FABCB064}.AppStore|ARM.Deploy.0 = Debug|Any CPU
		{CA6C7A58-7231-4E10-8DD4-6FA6FABCB064}.AppStore|iPhone.ActiveCfg = Debug|Any CPU
		{CA6C7A58-7231-4E10-8DD4-6FA6FABCB064}.AppStore|iPhone.Build.0 = Debug|Any CPU
		{CA6C7A58-7231-4E10-8DD4-6FA6FABCB064}.AppStore|iPhone.Deploy.0 = Debug|Any CPU
		{CA6C7A58-7231-4E10-8DD4-6FA6FABCB064}.AppStore|iPhoneSimulator.ActiveCfg = Debug|Any CPU
		{CA6C7A58-7231-4E10-8DD4-6FA6FABCB064}.AppStore|iPhoneSimulator.Build.0 = Debug|Any CPU
		{CA6C7A58-7231-4E10-8DD4-6FA6FABCB064}.AppStore|iPhoneSimulator.Deploy.0 = Debug|Any CPU
		{CA6C7A58-7231-4E10-8DD4-6FA6FABCB064}.AppStore|x64.ActiveCfg = Debug|Any CPU
		{CA6C7A58-7231-4E10-8DD4-6FA6FABCB064}.AppStore|x64.Build.0 = Debug|Any CPU
		{CA6C7A58-7231-4E10-8DD4-6FA6FABCB064}.AppStore|x64.Deploy.0 = Debug|Any CPU
		{CA6C7A58-7231-4E10-8DD4-6FA6FABCB064}.AppStore|x86.ActiveCfg = Debug|Any CPU
		{CA6C7A58-7231-4E10-8DD4-6FA6FABCB064}.AppStore|x86.Build.0 = Debug|Any CPU
		{CA6C7A58-7231-4E10-8DD4-6FA6FABCB064}.AppStore|x86.Deploy.0 = Debug|Any CPU
		{CA6C7A58-7231-4E10-8DD4-6FA6FABCB064}.Debug|Any CPU.ActiveCfg = Debug|Any CPU
		{CA6C7A58-7231-4E10-8DD4-6FA6FABCB064}.Debug|Any CPU.Build.0 = Debug|Any CPU
		{CA6C7A58-7231-4E10-8DD4-6FA6FABCB064}.Debug|Any CPU.Deploy.0 = Debug|Any CPU
		{CA6C7A58-7231-4E10-8DD4-6FA6FABCB064}.Debug|ARM.ActiveCfg = Debug|Any CPU
		{CA6C7A58-7231-4E10-8DD4-6FA6FABCB064}.Debug|ARM.Build.0 = Debug|Any CPU
		{CA6C7A58-7231-4E10-8DD4-6FA6FABCB064}.Debug|ARM.Deploy.0 = Debug|Any CPU
		{CA6C7A58-7231-4E10-8DD4-6FA6FABCB064}.Debug|iPhone.ActiveCfg = Debug|Any CPU
		{CA6C7A58-7231-4E10-8DD4-6FA6FABCB064}.Debug|iPhone.Build.0 = Debug|Any CPU
		{CA6C7A58-7231-4E10-8DD4-6FA6FABCB064}.Debug|iPhone.Deploy.0 = Debug|Any CPU
		{CA6C7A58-7231-4E10-8DD4-6FA6FABCB064}.Debug|iPhoneSimulator.ActiveCfg = Debug|Any CPU
		{CA6C7A58-7231-4E10-8DD4-6FA6FABCB064}.Debug|iPhoneSimulator.Build.0 = Debug|Any CPU
		{CA6C7A58-7231-4E10-8DD4-6FA6FABCB064}.Debug|iPhoneSimulator.Deploy.0 = Debug|Any CPU
		{CA6C7A58-7231-4E10-8DD4-6FA6FABCB064}.Debug|x64.ActiveCfg = Debug|Any CPU
		{CA6C7A58-7231-4E10-8DD4-6FA6FABCB064}.Debug|x64.Build.0 = Debug|Any CPU
		{CA6C7A58-7231-4E10-8DD4-6FA6FABCB064}.Debug|x64.Deploy.0 = Debug|Any CPU
		{CA6C7A58-7231-4E10-8DD4-6FA6FABCB064}.Debug|x86.ActiveCfg = Debug|Any CPU
		{CA6C7A58-7231-4E10-8DD4-6FA6FABCB064}.Debug|x86.Build.0 = Debug|Any CPU
		{CA6C7A58-7231-4E10-8DD4-6FA6FABCB064}.Debug|x86.Deploy.0 = Debug|Any CPU
		{CA6C7A58-7231-4E10-8DD4-6FA6FABCB064}.Release|Any CPU.ActiveCfg = Release|Any CPU
		{CA6C7A58-7231-4E10-8DD4-6FA6FABCB064}.Release|Any CPU.Build.0 = Release|Any CPU
		{CA6C7A58-7231-4E10-8DD4-6FA6FABCB064}.Release|Any CPU.Deploy.0 = Release|Any CPU
		{CA6C7A58-7231-4E10-8DD4-6FA6FABCB064}.Release|ARM.ActiveCfg = Release|Any CPU
		{CA6C7A58-7231-4E10-8DD4-6FA6FABCB064}.Release|ARM.Build.0 = Release|Any CPU
		{CA6C7A58-7231-4E10-8DD4-6FA6FABCB064}.Release|ARM.Deploy.0 = Release|Any CPU
		{CA6C7A58-7231-4E10-8DD4-6FA6FABCB064}.Release|iPhone.ActiveCfg = Release|Any CPU
		{CA6C7A58-7231-4E10-8DD4-6FA6FABCB064}.Release|iPhone.Build.0 = Release|Any CPU
		{CA6C7A58-7231-4E10-8DD4-6FA6FABCB064}.Release|iPhone.Deploy.0 = Release|Any CPU
		{CA6C7A58-7231-4E10-8DD4-6FA6FABCB064}.Release|iPhoneSimulator.ActiveCfg = Release|Any CPU
		{CA6C7A58-7231-4E10-8DD4-6FA6FABCB064}.Release|iPhoneSimulator.Build.0 = Release|Any CPU
		{CA6C7A58-7231-4E10-8DD4-6FA6FABCB064}.Release|iPhoneSimulator.Deploy.0 = Release|Any CPU
		{CA6C7A58-7231-4E10-8DD4-6FA6FABCB064}.Release|x64.ActiveCfg = Release|Any CPU
		{CA6C7A58-7231-4E10-8DD4-6FA6FABCB064}.Release|x64.Build.0 = Release|Any CPU
		{CA6C7A58-7231-4E10-8DD4-6FA6FABCB064}.Release|x64.Deploy.0 = Release|Any CPU
		{CA6C7A58-7231-4E10-8DD4-6FA6FABCB064}.Release|x86.ActiveCfg = Release|Any CPU
		{CA6C7A58-7231-4E10-8DD4-6FA6FABCB064}.Release|x86.Build.0 = Release|Any CPU
		{CA6C7A58-7231-4E10-8DD4-6FA6FABCB064}.Release|x86.Deploy.0 = Release|Any CPU
		{0C6F8018-D25C-4A0A-9E11-BD0B79FA8E0D}.Ad-Hoc|Any CPU.ActiveCfg = Ad-Hoc|iPhoneSimulator
		{0C6F8018-D25C-4A0A-9E11-BD0B79FA8E0D}.Ad-Hoc|ARM.ActiveCfg = Ad-Hoc|iPhoneSimulator
		{0C6F8018-D25C-4A0A-9E11-BD0B79FA8E0D}.Ad-Hoc|iPhone.ActiveCfg = Ad-Hoc|iPhone
		{0C6F8018-D25C-4A0A-9E11-BD0B79FA8E0D}.Ad-Hoc|iPhone.Build.0 = Ad-Hoc|iPhone
		{0C6F8018-D25C-4A0A-9E11-BD0B79FA8E0D}.Ad-Hoc|iPhoneSimulator.ActiveCfg = Ad-Hoc|iPhoneSimulator
		{0C6F8018-D25C-4A0A-9E11-BD0B79FA8E0D}.Ad-Hoc|iPhoneSimulator.Build.0 = Ad-Hoc|iPhoneSimulator
		{0C6F8018-D25C-4A0A-9E11-BD0B79FA8E0D}.Ad-Hoc|x64.ActiveCfg = Ad-Hoc|iPhoneSimulator
		{0C6F8018-D25C-4A0A-9E11-BD0B79FA8E0D}.Ad-Hoc|x86.ActiveCfg = Ad-Hoc|iPhoneSimulator
		{0C6F8018-D25C-4A0A-9E11-BD0B79FA8E0D}.AppStore|Any CPU.ActiveCfg = AppStore|iPhoneSimulator
		{0C6F8018-D25C-4A0A-9E11-BD0B79FA8E0D}.AppStore|ARM.ActiveCfg = AppStore|iPhoneSimulator
		{0C6F8018-D25C-4A0A-9E11-BD0B79FA8E0D}.AppStore|iPhone.ActiveCfg = AppStore|iPhone
		{0C6F8018-D25C-4A0A-9E11-BD0B79FA8E0D}.AppStore|iPhone.Build.0 = AppStore|iPhone
		{0C6F8018-D25C-4A0A-9E11-BD0B79FA8E0D}.AppStore|iPhoneSimulator.ActiveCfg = AppStore|iPhoneSimulator
		{0C6F8018-D25C-4A0A-9E11-BD0B79FA8E0D}.AppStore|iPhoneSimulator.Build.0 = AppStore|iPhoneSimulator
		{0C6F8018-D25C-4A0A-9E11-BD0B79FA8E0D}.AppStore|x64.ActiveCfg = AppStore|iPhoneSimulator
		{0C6F8018-D25C-4A0A-9E11-BD0B79FA8E0D}.AppStore|x86.ActiveCfg = AppStore|iPhoneSimulator
		{0C6F8018-D25C-4A0A-9E11-BD0B79FA8E0D}.Debug|Any CPU.ActiveCfg = Debug|iPhoneSimulator
		{0C6F8018-D25C-4A0A-9E11-BD0B79FA8E0D}.Debug|ARM.ActiveCfg = Debug|iPhoneSimulator
		{0C6F8018-D25C-4A0A-9E11-BD0B79FA8E0D}.Debug|iPhone.ActiveCfg = Debug|iPhone
		{0C6F8018-D25C-4A0A-9E11-BD0B79FA8E0D}.Debug|iPhone.Build.0 = Debug|iPhone
		{0C6F8018-D25C-4A0A-9E11-BD0B79FA8E0D}.Debug|iPhoneSimulator.ActiveCfg = Debug|iPhoneSimulator
		{0C6F8018-D25C-4A0A-9E11-BD0B79FA8E0D}.Debug|iPhoneSimulator.Build.0 = Debug|iPhoneSimulator
		{0C6F8018-D25C-4A0A-9E11-BD0B79FA8E0D}.Debug|x64.ActiveCfg = Debug|iPhoneSimulator
		{0C6F8018-D25C-4A0A-9E11-BD0B79FA8E0D}.Debug|x86.ActiveCfg = Debug|iPhoneSimulator
		{0C6F8018-D25C-4A0A-9E11-BD0B79FA8E0D}.Release|Any CPU.ActiveCfg = Release|iPhoneSimulator
		{0C6F8018-D25C-4A0A-9E11-BD0B79FA8E0D}.Release|ARM.ActiveCfg = Release|iPhoneSimulator
		{0C6F8018-D25C-4A0A-9E11-BD0B79FA8E0D}.Release|iPhone.ActiveCfg = Release|iPhone
		{0C6F8018-D25C-4A0A-9E11-BD0B79FA8E0D}.Release|iPhone.Build.0 = Release|iPhone
		{0C6F8018-D25C-4A0A-9E11-BD0B79FA8E0D}.Release|iPhoneSimulator.ActiveCfg = Release|iPhoneSimulator
		{0C6F8018-D25C-4A0A-9E11-BD0B79FA8E0D}.Release|iPhoneSimulator.Build.0 = Release|iPhoneSimulator
		{0C6F8018-D25C-4A0A-9E11-BD0B79FA8E0D}.Release|x64.ActiveCfg = Release|iPhoneSimulator
		{0C6F8018-D25C-4A0A-9E11-BD0B79FA8E0D}.Release|x86.ActiveCfg = Release|iPhoneSimulator
		{56AB9DBC-BCDB-4271-AA8D-C0BF939B17F6}.Ad-Hoc|Any CPU.ActiveCfg = Debug|ARM
		{56AB9DBC-BCDB-4271-AA8D-C0BF939B17F6}.Ad-Hoc|Any CPU.Build.0 = Debug|ARM
		{56AB9DBC-BCDB-4271-AA8D-C0BF939B17F6}.Ad-Hoc|Any CPU.Deploy.0 = Debug|ARM
		{56AB9DBC-BCDB-4271-AA8D-C0BF939B17F6}.Ad-Hoc|ARM.ActiveCfg = Debug|ARM
		{56AB9DBC-BCDB-4271-AA8D-C0BF939B17F6}.Ad-Hoc|ARM.Build.0 = Debug|ARM
		{56AB9DBC-BCDB-4271-AA8D-C0BF939B17F6}.Ad-Hoc|ARM.Deploy.0 = Debug|ARM
		{56AB9DBC-BCDB-4271-AA8D-C0BF939B17F6}.Ad-Hoc|iPhone.ActiveCfg = Debug|ARM
		{56AB9DBC-BCDB-4271-AA8D-C0BF939B17F6}.Ad-Hoc|iPhone.Build.0 = Debug|ARM
		{56AB9DBC-BCDB-4271-AA8D-C0BF939B17F6}.Ad-Hoc|iPhone.Deploy.0 = Debug|ARM
		{56AB9DBC-BCDB-4271-AA8D-C0BF939B17F6}.Ad-Hoc|iPhoneSimulator.ActiveCfg = Debug|ARM
		{56AB9DBC-BCDB-4271-AA8D-C0BF939B17F6}.Ad-Hoc|iPhoneSimulator.Build.0 = Debug|ARM
		{56AB9DBC-BCDB-4271-AA8D-C0BF939B17F6}.Ad-Hoc|iPhoneSimulator.Deploy.0 = Debug|ARM
		{56AB9DBC-BCDB-4271-AA8D-C0BF939B17F6}.Ad-Hoc|x64.ActiveCfg = Debug|x64
		{56AB9DBC-BCDB-4271-AA8D-C0BF939B17F6}.Ad-Hoc|x64.Build.0 = Debug|x64
		{56AB9DBC-BCDB-4271-AA8D-C0BF939B17F6}.Ad-Hoc|x64.Deploy.0 = Debug|x64
		{56AB9DBC-BCDB-4271-AA8D-C0BF939B17F6}.Ad-Hoc|x86.ActiveCfg = Debug|x86
		{56AB9DBC-BCDB-4271-AA8D-C0BF939B17F6}.Ad-Hoc|x86.Build.0 = Debug|x86
		{56AB9DBC-BCDB-4271-AA8D-C0BF939B17F6}.Ad-Hoc|x86.Deploy.0 = Debug|x86
		{56AB9DBC-BCDB-4271-AA8D-C0BF939B17F6}.AppStore|Any CPU.ActiveCfg = Debug|ARM
		{56AB9DBC-BCDB-4271-AA8D-C0BF939B17F6}.AppStore|Any CPU.Build.0 = Debug|ARM
		{56AB9DBC-BCDB-4271-AA8D-C0BF939B17F6}.AppStore|Any CPU.Deploy.0 = Debug|ARM
		{56AB9DBC-BCDB-4271-AA8D-C0BF939B17F6}.AppStore|ARM.ActiveCfg = Debug|ARM
		{56AB9DBC-BCDB-4271-AA8D-C0BF939B17F6}.AppStore|ARM.Build.0 = Debug|ARM
		{56AB9DBC-BCDB-4271-AA8D-C0BF939B17F6}.AppStore|ARM.Deploy.0 = Debug|ARM
		{56AB9DBC-BCDB-4271-AA8D-C0BF939B17F6}.AppStore|iPhone.ActiveCfg = Debug|ARM
		{56AB9DBC-BCDB-4271-AA8D-C0BF939B17F6}.AppStore|iPhone.Build.0 = Debug|ARM
		{56AB9DBC-BCDB-4271-AA8D-C0BF939B17F6}.AppStore|iPhone.Deploy.0 = Debug|ARM
		{56AB9DBC-BCDB-4271-AA8D-C0BF939B17F6}.AppStore|iPhoneSimulator.ActiveCfg = Debug|ARM
		{56AB9DBC-BCDB-4271-AA8D-C0BF939B17F6}.AppStore|iPhoneSimulator.Build.0 = Debug|ARM
		{56AB9DBC-BCDB-4271-AA8D-C0BF939B17F6}.AppStore|iPhoneSimulator.Deploy.0 = Debug|ARM
		{56AB9DBC-BCDB-4271-AA8D-C0BF939B17F6}.AppStore|x64.ActiveCfg = Debug|x64
		{56AB9DBC-BCDB-4271-AA8D-C0BF939B17F6}.AppStore|x64.Build.0 = Debug|x64
		{56AB9DBC-BCDB-4271-AA8D-C0BF939B17F6}.AppStore|x64.Deploy.0 = Debug|x64
		{56AB9DBC-BCDB-4271-AA8D-C0BF939B17F6}.AppStore|x86.ActiveCfg = Debug|x86
		{56AB9DBC-BCDB-4271-AA8D-C0BF939B17F6}.AppStore|x86.Build.0 = Debug|x86
		{56AB9DBC-BCDB-4271-AA8D-C0BF939B17F6}.AppStore|x86.Deploy.0 = Debug|x86
		{56AB9DBC-BCDB-4271-AA8D-C0BF939B17F6}.Debug|Any CPU.ActiveCfg = Debug|x86
		{56AB9DBC-BCDB-4271-AA8D-C0BF939B17F6}.Debug|ARM.ActiveCfg = Debug|ARM
		{56AB9DBC-BCDB-4271-AA8D-C0BF939B17F6}.Debug|ARM.Build.0 = Debug|ARM
		{56AB9DBC-BCDB-4271-AA8D-C0BF939B17F6}.Debug|ARM.Deploy.0 = Debug|ARM
		{56AB9DBC-BCDB-4271-AA8D-C0BF939B17F6}.Debug|iPhone.ActiveCfg = Debug|x86
		{56AB9DBC-BCDB-4271-AA8D-C0BF939B17F6}.Debug|iPhoneSimulator.ActiveCfg = Debug|x86
		{56AB9DBC-BCDB-4271-AA8D-C0BF939B17F6}.Debug|x64.ActiveCfg = Debug|x64
		{56AB9DBC-BCDB-4271-AA8D-C0BF939B17F6}.Debug|x64.Build.0 = Debug|x64
		{56AB9DBC-BCDB-4271-AA8D-C0BF939B17F6}.Debug|x64.Deploy.0 = Debug|x64
		{56AB9DBC-BCDB-4271-AA8D-C0BF939B17F6}.Debug|x86.ActiveCfg = Debug|x86
		{56AB9DBC-BCDB-4271-AA8D-C0BF939B17F6}.Debug|x86.Build.0 = Debug|x86
		{56AB9DBC-BCDB-4271-AA8D-C0BF939B17F6}.Debug|x86.Deploy.0 = Debug|x86
		{56AB9DBC-BCDB-4271-AA8D-C0BF939B17F6}.Release|Any CPU.ActiveCfg = Release|x86
		{56AB9DBC-BCDB-4271-AA8D-C0BF939B17F6}.Release|ARM.ActiveCfg = Release|ARM
		{56AB9DBC-BCDB-4271-AA8D-C0BF939B17F6}.Release|ARM.Build.0 = Release|ARM
		{56AB9DBC-BCDB-4271-AA8D-C0BF939B17F6}.Release|ARM.Deploy.0 = Release|ARM
		{56AB9DBC-BCDB-4271-AA8D-C0BF939B17F6}.Release|iPhone.ActiveCfg = Release|x86
		{56AB9DBC-BCDB-4271-AA8D-C0BF939B17F6}.Release|iPhoneSimulator.ActiveCfg = Release|x86
		{56AB9DBC-BCDB-4271-AA8D-C0BF939B17F6}.Release|x64.ActiveCfg = Release|x64
		{56AB9DBC-BCDB-4271-AA8D-C0BF939B17F6}.Release|x64.Build.0 = Release|x64
		{56AB9DBC-BCDB-4271-AA8D-C0BF939B17F6}.Release|x64.Deploy.0 = Release|x64
		{56AB9DBC-BCDB-4271-AA8D-C0BF939B17F6}.Release|x86.ActiveCfg = Release|x86
		{56AB9DBC-BCDB-4271-AA8D-C0BF939B17F6}.Release|x86.Build.0 = Release|x86
		{56AB9DBC-BCDB-4271-AA8D-C0BF939B17F6}.Release|x86.Deploy.0 = Release|x86
	EndGlobalSection
	GlobalSection(SolutionProperties) = preSolution
		HideSolutionNode = FALSE
	EndGlobalSection
	GlobalSection(NestedProjects) = preSolution
		{CA6C7A58-7231-4E10-8DD4-6FA6FABCB064} = {DF90767E-DEDB-4C19-B1E9-0BAC4A29C08A}
		{0C6F8018-D25C-4A0A-9E11-BD0B79FA8E0D} = {DF90767E-DEDB-4C19-B1E9-0BAC4A29C08A}
		{56AB9DBC-BCDB-4271-AA8D-C0BF939B17F6} = {DF90767E-DEDB-4C19-B1E9-0BAC4A29C08A}
	EndGlobalSection
	GlobalSection(ExtensibilityGlobals) = postSolution
		SolutionGuid = {F8074630-1EDF-41AE-9EFD-D523D581A07A}
	EndGlobalSection
EndGlobal
