
Microsoft Visual Studio Solution File, Format Version 12.00
# Visual Studio Version 17
VisualStudioVersion = 17.6.33829.357
MinimumVisualStudioVersion = 10.0.40219.1
Project("{FAE04EC0-301F-11D3-BF4B-00C04F79EFBC}") = "PrismWpf.NavigationTest", "PrismWpf.NavigationTest\PrismWpf.NavigationTest.csproj", "{9CD2B0D8-D277-4A4D-8338-F78CF9FEDECD}"
EndProject
Global
	GlobalSection(SolutionConfigurationPlatforms) = preSolution
		Debug|Any CPU = Debug|Any CPU
		Release|Any CPU = Release|Any CPU
	EndGlobalSection
	GlobalSection(ProjectConfigurationPlatforms) = postSolution
		{9CD2B0D8-D277-4A4D-8338-F78CF9FEDECD}.Debug|Any CPU.ActiveCfg = Debug|Any CPU
		{9CD2B0D8-D277-4A4D-8338-F78CF9FEDECD}.Debug|Any CPU.Build.0 = Debug|Any CPU
		{9CD2B0D8-D277-4A4D-8338-F78CF9FEDECD}.Release|Any CPU.ActiveCfg = Release|Any CPU
		{9CD2B0D8-D277-4A4D-8338-F78CF9FEDECD}.Release|Any CPU.Build.0 = Release|Any CPU
	EndGlobalSection
	GlobalSection(SolutionProperties) = preSolution
		HideSolutionNode = FALSE
	EndGlobalSection
	GlobalSection(ExtensibilityGlobals) = postSolution
		SolutionGuid = {0E532787-8A54-4EE5-9811-F7FB7F016949}
	EndGlobalSection
EndGlobal
