
Microsoft Visual Studio Solution File, Format Version 12.00
# Visual Studio Version 17
VisualStudioVersion = 17.10.35122.118
MinimumVisualStudioVersion = 10.0.40219.1
Project("{FAE04EC0-301F-11D3-BF4B-00C04F79EFBC}") = "Sample.DialogPopups", "Maui-Ex7-DialogPopups\Sample.DialogPopups.csproj", "{F76500B8-74A0-4304-892B-824AF41016C8}"
EndProject
Global
	GlobalSection(SolutionConfigurationPlatforms) = preSolution
		Debug|Any CPU = Debug|Any CPU
		Release|Any CPU = Release|Any CPU
	EndGlobalSection
	GlobalSection(ProjectConfigurationPlatforms) = postSolution
		{F76500B8-74A0-4304-892B-824AF41016C8}.Debug|Any CPU.ActiveCfg = Debug|Any CPU
		{F76500B8-74A0-4304-892B-824AF41016C8}.Debug|Any CPU.Build.0 = Debug|Any CPU
		{F76500B8-74A0-4304-892B-824AF41016C8}.Debug|Any CPU.Deploy.0 = Debug|Any CPU
		{F76500B8-74A0-4304-892B-824AF41016C8}.Release|Any CPU.ActiveCfg = Release|Any CPU
		{F76500B8-74A0-4304-892B-824AF41016C8}.Release|Any CPU.Build.0 = Release|Any CPU
		{F76500B8-74A0-4304-892B-824AF41016C8}.Release|Any CPU.Deploy.0 = Release|Any CPU
	EndGlobalSection
	GlobalSection(SolutionProperties) = preSolution
		HideSolutionNode = FALSE
	EndGlobalSection
	GlobalSection(ExtensibilityGlobals) = postSolution
		SolutionGuid = {4A942C4B-039A-449E-A030-7101481F63FA}
	EndGlobalSection
EndGlobal
